// !$*UTF8*$!
{
	archiveVersion = 1;
	classes = {
	};
	objectVersion = 45;
	objects = {

/* Begin PBXBuildFile section */
		1D60589B0D05DD56006BFB54 /* main.m in Sources */ = {isa = PBXBuildFile; fileRef = 29B97316FDCFA39411CA2CEA /* main.m */; };
		1F3B9A2D0EF2145700286867 /* SneakyJoystickAppDelegate.m in Sources */ = {isa = PBXBuildFile; fileRef = 1F3B9A2B0EF2145700286867 /* SneakyJoystickAppDelegate.m */; };
		3317D0811129BA110056F249 /* SneakyJoystick.m in Sources */ = {isa = PBXBuildFile; fileRef = 3317D0801129BA110056F249 /* SneakyJoystick.m */; };
		3726E6E4112BC883003A9A62 /* CCAction.h in Headers */ = {isa = PBXBuildFile; fileRef = 3726E65E112BC883003A9A62 /* CCAction.h */; };
		3726E6E5112BC883003A9A62 /* CCAction.m in Sources */ = {isa = PBXBuildFile; fileRef = 3726E65F112BC883003A9A62 /* CCAction.m */; };
		3726E6E6112BC883003A9A62 /* CCActionManager.h in Headers */ = {isa = PBXBuildFile; fileRef = 3726E660112BC883003A9A62 /* CCActionManager.h */; };
		3726E6E7112BC883003A9A62 /* CCActionManager.m in Sources */ = {isa = PBXBuildFile; fileRef = 3726E661112BC883003A9A62 /* CCActionManager.m */; };
		3726E6E8112BC883003A9A62 /* CCAtlasNode.h in Headers */ = {isa = PBXBuildFile; fileRef = 3726E662112BC883003A9A62 /* CCAtlasNode.h */; };
		3726E6E9112BC883003A9A62 /* CCAtlasNode.m in Sources */ = {isa = PBXBuildFile; fileRef = 3726E663112BC883003A9A62 /* CCAtlasNode.m */; };
		3726E6EA112BC883003A9A62 /* CCBitmapFontAtlas.h in Headers */ = {isa = PBXBuildFile; fileRef = 3726E664112BC883003A9A62 /* CCBitmapFontAtlas.h */; };
		3726E6EB112BC883003A9A62 /* CCBitmapFontAtlas.m in Sources */ = {isa = PBXBuildFile; fileRef = 3726E665112BC883003A9A62 /* CCBitmapFontAtlas.m */; };
		3726E6EC112BC883003A9A62 /* CCCamera.h in Headers */ = {isa = PBXBuildFile; fileRef = 3726E666112BC883003A9A62 /* CCCamera.h */; };
		3726E6ED112BC883003A9A62 /* CCCamera.m in Sources */ = {isa = PBXBuildFile; fileRef = 3726E667112BC883003A9A62 /* CCCamera.m */; };
		3726E6EE112BC883003A9A62 /* CCCameraAction.h in Headers */ = {isa = PBXBuildFile; fileRef = 3726E668112BC883003A9A62 /* CCCameraAction.h */; };
		3726E6EF112BC883003A9A62 /* CCCameraAction.m in Sources */ = {isa = PBXBuildFile; fileRef = 3726E669112BC883003A9A62 /* CCCameraAction.m */; };
		3726E6F0112BC883003A9A62 /* CCCompatibility.h in Headers */ = {isa = PBXBuildFile; fileRef = 3726E66A112BC883003A9A62 /* CCCompatibility.h */; };
		3726E6F1112BC883003A9A62 /* CCCompatibility.m in Sources */ = {isa = PBXBuildFile; fileRef = 3726E66B112BC883003A9A62 /* CCCompatibility.m */; };
		3726E6F2112BC883003A9A62 /* ccConfig.h in Headers */ = {isa = PBXBuildFile; fileRef = 3726E66C112BC883003A9A62 /* ccConfig.h */; };
		3726E6F3112BC883003A9A62 /* CCConfiguration.h in Headers */ = {isa = PBXBuildFile; fileRef = 3726E66D112BC883003A9A62 /* CCConfiguration.h */; };
		3726E6F4112BC883003A9A62 /* CCConfiguration.m in Sources */ = {isa = PBXBuildFile; fileRef = 3726E66E112BC883003A9A62 /* CCConfiguration.m */; };
		3726E6F5112BC883003A9A62 /* CCDirector.h in Headers */ = {isa = PBXBuildFile; fileRef = 3726E66F112BC883003A9A62 /* CCDirector.h */; };
		3726E6F6112BC883003A9A62 /* CCDirector.m in Sources */ = {isa = PBXBuildFile; fileRef = 3726E670112BC883003A9A62 /* CCDirector.m */; };
		3726E6F7112BC883003A9A62 /* CCDrawingPrimitives.h in Headers */ = {isa = PBXBuildFile; fileRef = 3726E671112BC883003A9A62 /* CCDrawingPrimitives.h */; };
		3726E6F8112BC883003A9A62 /* CCDrawingPrimitives.m in Sources */ = {isa = PBXBuildFile; fileRef = 3726E672112BC883003A9A62 /* CCDrawingPrimitives.m */; };
		3726E6F9112BC883003A9A62 /* CCEaseAction.h in Headers */ = {isa = PBXBuildFile; fileRef = 3726E673112BC883003A9A62 /* CCEaseAction.h */; };
		3726E6FA112BC883003A9A62 /* CCEaseAction.m in Sources */ = {isa = PBXBuildFile; fileRef = 3726E674112BC883003A9A62 /* CCEaseAction.m */; };
		3726E6FB112BC883003A9A62 /* ccExceptions.h in Headers */ = {isa = PBXBuildFile; fileRef = 3726E675112BC883003A9A62 /* ccExceptions.h */; };
		3726E6FC112BC883003A9A62 /* CCGrabber.h in Headers */ = {isa = PBXBuildFile; fileRef = 3726E676112BC883003A9A62 /* CCGrabber.h */; };
		3726E6FD112BC883003A9A62 /* CCGrabber.m in Sources */ = {isa = PBXBuildFile; fileRef = 3726E677112BC883003A9A62 /* CCGrabber.m */; };
		3726E6FE112BC883003A9A62 /* CCGrid.h in Headers */ = {isa = PBXBuildFile; fileRef = 3726E678112BC883003A9A62 /* CCGrid.h */; };
		3726E6FF112BC883003A9A62 /* CCGrid.m in Sources */ = {isa = PBXBuildFile; fileRef = 3726E679112BC883003A9A62 /* CCGrid.m */; };
		3726E700112BC883003A9A62 /* CCGrid3DAction.h in Headers */ = {isa = PBXBuildFile; fileRef = 3726E67A112BC883003A9A62 /* CCGrid3DAction.h */; };
		3726E701112BC883003A9A62 /* CCGrid3DAction.m in Sources */ = {isa = PBXBuildFile; fileRef = 3726E67B112BC883003A9A62 /* CCGrid3DAction.m */; };
		3726E702112BC883003A9A62 /* CCGridAction.h in Headers */ = {isa = PBXBuildFile; fileRef = 3726E67C112BC883003A9A62 /* CCGridAction.h */; };
		3726E703112BC883003A9A62 /* CCGridAction.m in Sources */ = {isa = PBXBuildFile; fileRef = 3726E67D112BC883003A9A62 /* CCGridAction.m */; };
		3726E704112BC883003A9A62 /* CCInstantAction.h in Headers */ = {isa = PBXBuildFile; fileRef = 3726E67E112BC883003A9A62 /* CCInstantAction.h */; };
		3726E705112BC883003A9A62 /* CCInstantAction.m in Sources */ = {isa = PBXBuildFile; fileRef = 3726E67F112BC883003A9A62 /* CCInstantAction.m */; };
		3726E706112BC883003A9A62 /* CCIntervalAction.h in Headers */ = {isa = PBXBuildFile; fileRef = 3726E680112BC883003A9A62 /* CCIntervalAction.h */; };
		3726E707112BC883003A9A62 /* CCIntervalAction.m in Sources */ = {isa = PBXBuildFile; fileRef = 3726E681112BC883003A9A62 /* CCIntervalAction.m */; };
		3726E708112BC883003A9A62 /* CCLabel.h in Headers */ = {isa = PBXBuildFile; fileRef = 3726E682112BC883003A9A62 /* CCLabel.h */; };
		3726E709112BC883003A9A62 /* CCLabel.m in Sources */ = {isa = PBXBuildFile; fileRef = 3726E683112BC883003A9A62 /* CCLabel.m */; };
		3726E70A112BC883003A9A62 /* CCLabelAtlas.h in Headers */ = {isa = PBXBuildFile; fileRef = 3726E684112BC883003A9A62 /* CCLabelAtlas.h */; };
		3726E70B112BC883003A9A62 /* CCLabelAtlas.m in Sources */ = {isa = PBXBuildFile; fileRef = 3726E685112BC883003A9A62 /* CCLabelAtlas.m */; };
		3726E70C112BC883003A9A62 /* CCLayer.h in Headers */ = {isa = PBXBuildFile; fileRef = 3726E686112BC883003A9A62 /* CCLayer.h */; };
		3726E70D112BC883003A9A62 /* CCLayer.m in Sources */ = {isa = PBXBuildFile; fileRef = 3726E687112BC883003A9A62 /* CCLayer.m */; };
		3726E70E112BC883003A9A62 /* ccMacros.h in Headers */ = {isa = PBXBuildFile; fileRef = 3726E688112BC883003A9A62 /* ccMacros.h */; };
		3726E70F112BC883003A9A62 /* CCMenu.h in Headers */ = {isa = PBXBuildFile; fileRef = 3726E689112BC883003A9A62 /* CCMenu.h */; };
		3726E710112BC883003A9A62 /* CCMenu.m in Sources */ = {isa = PBXBuildFile; fileRef = 3726E68A112BC883003A9A62 /* CCMenu.m */; };
		3726E711112BC883003A9A62 /* CCMenuItem.h in Headers */ = {isa = PBXBuildFile; fileRef = 3726E68B112BC883003A9A62 /* CCMenuItem.h */; };
		3726E712112BC883003A9A62 /* CCMenuItem.m in Sources */ = {isa = PBXBuildFile; fileRef = 3726E68C112BC883003A9A62 /* CCMenuItem.m */; };
		3726E713112BC883003A9A62 /* CCMotionStreak.h in Headers */ = {isa = PBXBuildFile; fileRef = 3726E68D112BC883003A9A62 /* CCMotionStreak.h */; };
		3726E714112BC883003A9A62 /* CCMotionStreak.m in Sources */ = {isa = PBXBuildFile; fileRef = 3726E68E112BC883003A9A62 /* CCMotionStreak.m */; };
		3726E715112BC883003A9A62 /* CCNode.h in Headers */ = {isa = PBXBuildFile; fileRef = 3726E68F112BC883003A9A62 /* CCNode.h */; };
		3726E716112BC883003A9A62 /* CCNode.m in Sources */ = {isa = PBXBuildFile; fileRef = 3726E690112BC883003A9A62 /* CCNode.m */; };
		3726E717112BC883003A9A62 /* CCPageTurn3DAction.h in Headers */ = {isa = PBXBuildFile; fileRef = 3726E691112BC883003A9A62 /* CCPageTurn3DAction.h */; };
		3726E718112BC883003A9A62 /* CCPageTurn3DAction.m in Sources */ = {isa = PBXBuildFile; fileRef = 3726E692112BC883003A9A62 /* CCPageTurn3DAction.m */; };
		3726E719112BC883003A9A62 /* CCPageTurnTransition.h in Headers */ = {isa = PBXBuildFile; fileRef = 3726E693112BC883003A9A62 /* CCPageTurnTransition.h */; };
		3726E71A112BC883003A9A62 /* CCPageTurnTransition.m in Sources */ = {isa = PBXBuildFile; fileRef = 3726E694112BC883003A9A62 /* CCPageTurnTransition.m */; };
		3726E71B112BC883003A9A62 /* CCParallaxNode.h in Headers */ = {isa = PBXBuildFile; fileRef = 3726E695112BC883003A9A62 /* CCParallaxNode.h */; };
		3726E71C112BC883003A9A62 /* CCParallaxNode.m in Sources */ = {isa = PBXBuildFile; fileRef = 3726E696112BC883003A9A62 /* CCParallaxNode.m */; };
		3726E71D112BC883003A9A62 /* CCParticleExamples.h in Headers */ = {isa = PBXBuildFile; fileRef = 3726E697112BC883003A9A62 /* CCParticleExamples.h */; };
		3726E71E112BC883003A9A62 /* CCParticleExamples.m in Sources */ = {isa = PBXBuildFile; fileRef = 3726E698112BC883003A9A62 /* CCParticleExamples.m */; };
		3726E71F112BC883003A9A62 /* CCParticleSystem.h in Headers */ = {isa = PBXBuildFile; fileRef = 3726E699112BC883003A9A62 /* CCParticleSystem.h */; };
		3726E720112BC883003A9A62 /* CCParticleSystem.m in Sources */ = {isa = PBXBuildFile; fileRef = 3726E69A112BC883003A9A62 /* CCParticleSystem.m */; };
		3726E721112BC883003A9A62 /* CCPointParticleSystem.h in Headers */ = {isa = PBXBuildFile; fileRef = 3726E69B112BC883003A9A62 /* CCPointParticleSystem.h */; };
		3726E722112BC883003A9A62 /* CCPointParticleSystem.m in Sources */ = {isa = PBXBuildFile; fileRef = 3726E69C112BC883003A9A62 /* CCPointParticleSystem.m */; };
		3726E723112BC883003A9A62 /* CCProtocols.h in Headers */ = {isa = PBXBuildFile; fileRef = 3726E69D112BC883003A9A62 /* CCProtocols.h */; };
		3726E724112BC883003A9A62 /* CCPVRTexture.h in Headers */ = {isa = PBXBuildFile; fileRef = 3726E69E112BC883003A9A62 /* CCPVRTexture.h */; };
		3726E725112BC883003A9A62 /* CCPVRTexture.m in Sources */ = {isa = PBXBuildFile; fileRef = 3726E69F112BC883003A9A62 /* CCPVRTexture.m */; };
		3726E726112BC883003A9A62 /* CCQuadParticleSystem.h in Headers */ = {isa = PBXBuildFile; fileRef = 3726E6A0112BC883003A9A62 /* CCQuadParticleSystem.h */; };
		3726E727112BC883003A9A62 /* CCQuadParticleSystem.m in Sources */ = {isa = PBXBuildFile; fileRef = 3726E6A1112BC883003A9A62 /* CCQuadParticleSystem.m */; };
		3726E728112BC883003A9A62 /* CCRenderTexture.h in Headers */ = {isa = PBXBuildFile; fileRef = 3726E6A2112BC883003A9A62 /* CCRenderTexture.h */; };
		3726E729112BC883003A9A62 /* CCRenderTexture.m in Sources */ = {isa = PBXBuildFile; fileRef = 3726E6A3112BC883003A9A62 /* CCRenderTexture.m */; };
		3726E72A112BC883003A9A62 /* CCRibbon.h in Headers */ = {isa = PBXBuildFile; fileRef = 3726E6A4112BC883003A9A62 /* CCRibbon.h */; };
		3726E72B112BC883003A9A62 /* CCRibbon.m in Sources */ = {isa = PBXBuildFile; fileRef = 3726E6A5112BC883003A9A62 /* CCRibbon.m */; };
		3726E72C112BC883003A9A62 /* CCScene.h in Headers */ = {isa = PBXBuildFile; fileRef = 3726E6A6112BC883003A9A62 /* CCScene.h */; };
		3726E72D112BC883003A9A62 /* CCScene.m in Sources */ = {isa = PBXBuildFile; fileRef = 3726E6A7112BC883003A9A62 /* CCScene.m */; };
		3726E72E112BC883003A9A62 /* CCScheduler.h in Headers */ = {isa = PBXBuildFile; fileRef = 3726E6A8112BC883003A9A62 /* CCScheduler.h */; };
		3726E72F112BC883003A9A62 /* CCScheduler.m in Sources */ = {isa = PBXBuildFile; fileRef = 3726E6A9112BC883003A9A62 /* CCScheduler.m */; };
		3726E730112BC883003A9A62 /* CCSprite.h in Headers */ = {isa = PBXBuildFile; fileRef = 3726E6AA112BC883003A9A62 /* CCSprite.h */; };
		3726E731112BC883003A9A62 /* CCSprite.m in Sources */ = {isa = PBXBuildFile; fileRef = 3726E6AB112BC883003A9A62 /* CCSprite.m */; };
		3726E732112BC883003A9A62 /* CCSpriteFrame.h in Headers */ = {isa = PBXBuildFile; fileRef = 3726E6AC112BC883003A9A62 /* CCSpriteFrame.h */; };
		3726E733112BC883003A9A62 /* CCSpriteFrame.m in Sources */ = {isa = PBXBuildFile; fileRef = 3726E6AD112BC883003A9A62 /* CCSpriteFrame.m */; };
		3726E734112BC883003A9A62 /* CCSpriteFrameCache.h in Headers */ = {isa = PBXBuildFile; fileRef = 3726E6AE112BC883003A9A62 /* CCSpriteFrameCache.h */; };
		3726E735112BC883003A9A62 /* CCSpriteFrameCache.m in Sources */ = {isa = PBXBuildFile; fileRef = 3726E6AF112BC883003A9A62 /* CCSpriteFrameCache.m */; };
		3726E736112BC883003A9A62 /* CCSpriteSheet.h in Headers */ = {isa = PBXBuildFile; fileRef = 3726E6B0112BC883003A9A62 /* CCSpriteSheet.h */; };
		3726E737112BC883003A9A62 /* CCSpriteSheet.m in Sources */ = {isa = PBXBuildFile; fileRef = 3726E6B1112BC883003A9A62 /* CCSpriteSheet.m */; };
		3726E738112BC883003A9A62 /* CCTexture2D.h in Headers */ = {isa = PBXBuildFile; fileRef = 3726E6B2112BC883003A9A62 /* CCTexture2D.h */; };
		3726E739112BC883003A9A62 /* CCTexture2D.m in Sources */ = {isa = PBXBuildFile; fileRef = 3726E6B3112BC883003A9A62 /* CCTexture2D.m */; };
		3726E73A112BC883003A9A62 /* CCTextureAtlas.h in Headers */ = {isa = PBXBuildFile; fileRef = 3726E6B4112BC883003A9A62 /* CCTextureAtlas.h */; };
		3726E73B112BC883003A9A62 /* CCTextureAtlas.m in Sources */ = {isa = PBXBuildFile; fileRef = 3726E6B5112BC883003A9A62 /* CCTextureAtlas.m */; };
		3726E73C112BC883003A9A62 /* CCTextureCache.h in Headers */ = {isa = PBXBuildFile; fileRef = 3726E6B6112BC883003A9A62 /* CCTextureCache.h */; };
		3726E73D112BC883003A9A62 /* CCTextureCache.m in Sources */ = {isa = PBXBuildFile; fileRef = 3726E6B7112BC883003A9A62 /* CCTextureCache.m */; };
		3726E73E112BC883003A9A62 /* CCTextureNode.h in Headers */ = {isa = PBXBuildFile; fileRef = 3726E6B8112BC883003A9A62 /* CCTextureNode.h */; };
		3726E73F112BC883003A9A62 /* CCTiledGridAction.h in Headers */ = {isa = PBXBuildFile; fileRef = 3726E6B9112BC883003A9A62 /* CCTiledGridAction.h */; };
		3726E740112BC883003A9A62 /* CCTiledGridAction.m in Sources */ = {isa = PBXBuildFile; fileRef = 3726E6BA112BC883003A9A62 /* CCTiledGridAction.m */; };
		3726E741112BC883003A9A62 /* CCTileMapAtlas.h in Headers */ = {isa = PBXBuildFile; fileRef = 3726E6BB112BC883003A9A62 /* CCTileMapAtlas.h */; };
		3726E742112BC883003A9A62 /* CCTileMapAtlas.m in Sources */ = {isa = PBXBuildFile; fileRef = 3726E6BC112BC883003A9A62 /* CCTileMapAtlas.m */; };
		3726E743112BC883003A9A62 /* CCTMXLayer.h in Headers */ = {isa = PBXBuildFile; fileRef = 3726E6BD112BC883003A9A62 /* CCTMXLayer.h */; };
		3726E744112BC883003A9A62 /* CCTMXLayer.m in Sources */ = {isa = PBXBuildFile; fileRef = 3726E6BE112BC883003A9A62 /* CCTMXLayer.m */; };
		3726E745112BC883003A9A62 /* CCTMXObjectGroup.h in Headers */ = {isa = PBXBuildFile; fileRef = 3726E6BF112BC883003A9A62 /* CCTMXObjectGroup.h */; };
		3726E746112BC883003A9A62 /* CCTMXObjectGroup.m in Sources */ = {isa = PBXBuildFile; fileRef = 3726E6C0112BC883003A9A62 /* CCTMXObjectGroup.m */; };
		3726E747112BC883003A9A62 /* CCTMXTiledMap.h in Headers */ = {isa = PBXBuildFile; fileRef = 3726E6C1112BC883003A9A62 /* CCTMXTiledMap.h */; };
		3726E748112BC883003A9A62 /* CCTMXTiledMap.m in Sources */ = {isa = PBXBuildFile; fileRef = 3726E6C2112BC883003A9A62 /* CCTMXTiledMap.m */; };
		3726E749112BC883003A9A62 /* CCTMXXMLParser.h in Headers */ = {isa = PBXBuildFile; fileRef = 3726E6C3112BC883003A9A62 /* CCTMXXMLParser.h */; };
		3726E74A112BC883003A9A62 /* CCTMXXMLParser.m in Sources */ = {isa = PBXBuildFile; fileRef = 3726E6C4112BC883003A9A62 /* CCTMXXMLParser.m */; };
		3726E74B112BC883003A9A62 /* CCTouchDelegateProtocol.h in Headers */ = {isa = PBXBuildFile; fileRef = 3726E6C5112BC883003A9A62 /* CCTouchDelegateProtocol.h */; };
		3726E74C112BC883003A9A62 /* CCTouchDispatcher.h in Headers */ = {isa = PBXBuildFile; fileRef = 3726E6C6112BC883003A9A62 /* CCTouchDispatcher.h */; };
		3726E74D112BC883003A9A62 /* CCTouchDispatcher.m in Sources */ = {isa = PBXBuildFile; fileRef = 3726E6C7112BC883003A9A62 /* CCTouchDispatcher.m */; };
		3726E74E112BC883003A9A62 /* CCTouchHandler.h in Headers */ = {isa = PBXBuildFile; fileRef = 3726E6C8112BC883003A9A62 /* CCTouchHandler.h */; };
		3726E74F112BC883003A9A62 /* CCTouchHandler.m in Sources */ = {isa = PBXBuildFile; fileRef = 3726E6C9112BC883003A9A62 /* CCTouchHandler.m */; };
		3726E750112BC883003A9A62 /* CCTransition.h in Headers */ = {isa = PBXBuildFile; fileRef = 3726E6CA112BC883003A9A62 /* CCTransition.h */; };
		3726E751112BC883003A9A62 /* CCTransition.m in Sources */ = {isa = PBXBuildFile; fileRef = 3726E6CB112BC883003A9A62 /* CCTransition.m */; };
		3726E752112BC883003A9A62 /* ccTypes.h in Headers */ = {isa = PBXBuildFile; fileRef = 3726E6CC112BC883003A9A62 /* ccTypes.h */; };
		3726E753112BC883003A9A62 /* cocos2d.h in Headers */ = {isa = PBXBuildFile; fileRef = 3726E6CD112BC883003A9A62 /* cocos2d.h */; };
		3726E754112BC883003A9A62 /* cocos2d.m in Sources */ = {isa = PBXBuildFile; fileRef = 3726E6CE112BC883003A9A62 /* cocos2d.m */; };
		3726E755112BC883003A9A62 /* base64.c in Sources */ = {isa = PBXBuildFile; fileRef = 3726E6D0112BC883003A9A62 /* base64.c */; };
		3726E756112BC883003A9A62 /* base64.h in Headers */ = {isa = PBXBuildFile; fileRef = 3726E6D1112BC883003A9A62 /* base64.h */; };
		3726E757112BC883003A9A62 /* ccArray.h in Headers */ = {isa = PBXBuildFile; fileRef = 3726E6D2112BC883003A9A62 /* ccArray.h */; };
		3726E758112BC883003A9A62 /* CCFileUtils.h in Headers */ = {isa = PBXBuildFile; fileRef = 3726E6D3112BC883003A9A62 /* CCFileUtils.h */; };
		3726E759112BC883003A9A62 /* CCFileUtils.m in Sources */ = {isa = PBXBuildFile; fileRef = 3726E6D4112BC883003A9A62 /* CCFileUtils.m */; };
		3726E75A112BC883003A9A62 /* ccHashSet.h in Headers */ = {isa = PBXBuildFile; fileRef = 3726E6D5112BC883003A9A62 /* ccHashSet.h */; };
		3726E75B112BC883003A9A62 /* ccHashSet.m in Sources */ = {isa = PBXBuildFile; fileRef = 3726E6D6112BC883003A9A62 /* ccHashSet.m */; };
		3726E75C112BC883003A9A62 /* CGPointExtension.h in Headers */ = {isa = PBXBuildFile; fileRef = 3726E6D7112BC883003A9A62 /* CGPointExtension.h */; };
		3726E75D112BC883003A9A62 /* CGPointExtension.m in Sources */ = {isa = PBXBuildFile; fileRef = 3726E6D8112BC883003A9A62 /* CGPointExtension.m */; };
		3726E75E112BC883003A9A62 /* EAGLView.h in Headers */ = {isa = PBXBuildFile; fileRef = 3726E6D9112BC883003A9A62 /* EAGLView.h */; };
		3726E75F112BC883003A9A62 /* EAGLView.m in Sources */ = {isa = PBXBuildFile; fileRef = 3726E6DA112BC883003A9A62 /* EAGLView.m */; };
		3726E760112BC883003A9A62 /* glu.c in Sources */ = {isa = PBXBuildFile; fileRef = 3726E6DB112BC883003A9A62 /* glu.c */; };
		3726E761112BC883003A9A62 /* glu.h in Headers */ = {isa = PBXBuildFile; fileRef = 3726E6DC112BC883003A9A62 /* glu.h */; };
		3726E762112BC883003A9A62 /* OpenGL_Internal.h in Headers */ = {isa = PBXBuildFile; fileRef = 3726E6DD112BC883003A9A62 /* OpenGL_Internal.h */; };
		3726E763112BC883003A9A62 /* TGAlib.h in Headers */ = {isa = PBXBuildFile; fileRef = 3726E6DE112BC883003A9A62 /* TGAlib.h */; };
		3726E764112BC883003A9A62 /* TGAlib.m in Sources */ = {isa = PBXBuildFile; fileRef = 3726E6DF112BC883003A9A62 /* TGAlib.m */; };
		3726E765112BC883003A9A62 /* TransformUtils.h in Headers */ = {isa = PBXBuildFile; fileRef = 3726E6E0112BC883003A9A62 /* TransformUtils.h */; };
		3726E766112BC883003A9A62 /* TransformUtils.m in Sources */ = {isa = PBXBuildFile; fileRef = 3726E6E1112BC883003A9A62 /* TransformUtils.m */; };
		3726E767112BC883003A9A62 /* ZipUtils.h in Headers */ = {isa = PBXBuildFile; fileRef = 3726E6E2112BC883003A9A62 /* ZipUtils.h */; };
		3726E768112BC883003A9A62 /* ZipUtils.m in Sources */ = {isa = PBXBuildFile; fileRef = 3726E6E3112BC883003A9A62 /* ZipUtils.m */; };
		3726E78E112BC8C4003A9A62 /* FontLabel.h in Headers */ = {isa = PBXBuildFile; fileRef = 3726E783112BC8C4003A9A62 /* FontLabel.h */; };
		3726E78F112BC8C4003A9A62 /* FontLabel.m in Sources */ = {isa = PBXBuildFile; fileRef = 3726E784112BC8C4003A9A62 /* FontLabel.m */; };
		3726E790112BC8C4003A9A62 /* FontLabelStringDrawing.h in Headers */ = {isa = PBXBuildFile; fileRef = 3726E785112BC8C4003A9A62 /* FontLabelStringDrawing.h */; };
		3726E791112BC8C4003A9A62 /* FontLabelStringDrawing.m in Sources */ = {isa = PBXBuildFile; fileRef = 3726E786112BC8C4003A9A62 /* FontLabelStringDrawing.m */; };
		3726E792112BC8C4003A9A62 /* FontManager.h in Headers */ = {isa = PBXBuildFile; fileRef = 3726E787112BC8C4003A9A62 /* FontManager.h */; };
		3726E793112BC8C4003A9A62 /* FontManager.m in Sources */ = {isa = PBXBuildFile; fileRef = 3726E788112BC8C4003A9A62 /* FontManager.m */; };
		3726E794112BC8C4003A9A62 /* ZAttributedString.h in Headers */ = {isa = PBXBuildFile; fileRef = 3726E789112BC8C4003A9A62 /* ZAttributedString.h */; };
		3726E795112BC8C4003A9A62 /* ZAttributedString.m in Sources */ = {isa = PBXBuildFile; fileRef = 3726E78A112BC8C4003A9A62 /* ZAttributedString.m */; };
		3726E796112BC8C4003A9A62 /* ZAttributedStringPrivate.h in Headers */ = {isa = PBXBuildFile; fileRef = 3726E78B112BC8C4003A9A62 /* ZAttributedStringPrivate.h */; };
		3726E797112BC8C4003A9A62 /* ZFont.h in Headers */ = {isa = PBXBuildFile; fileRef = 3726E78C112BC8C4003A9A62 /* ZFont.h */; };
		3726E798112BC8C4003A9A62 /* ZFont.m in Sources */ = {isa = PBXBuildFile; fileRef = 3726E78D112BC8C4003A9A62 /* ZFont.m */; };
		37520CB4112CFCF300058B73 /* ColoredCircleSprite.m in Sources */ = {isa = PBXBuildFile; fileRef = 37520CB3112CFCF300058B73 /* ColoredCircleSprite.m */; };
		37520CBD112CFD8400058B73 /* SneakyJoystickSkinnedDPadExample.m in Sources */ = {isa = PBXBuildFile; fileRef = 37520CBC112CFD8400058B73 /* SneakyJoystickSkinnedDPadExample.m */; };
		37520CD2112D02E300058B73 /* DPad_BG.png in Resources */ = {isa = PBXBuildFile; fileRef = 37520CD1112D02E300058B73 /* DPad_BG.png */; };
		37520D17112D085900058B73 /* SneakyJoystickSkinnedJoystickExample.m in Sources */ = {isa = PBXBuildFile; fileRef = 37520D16112D085900058B73 /* SneakyJoystickSkinnedJoystickExample.m */; };
		37520D1A112D088000058B73 /* SneakyJoystickSkinnedBase.m in Sources */ = {isa = PBXBuildFile; fileRef = 37520D19112D088000058B73 /* SneakyJoystickSkinnedBase.m */; };
		505574581045D68500A31725 /* AVFoundation.framework in Frameworks */ = {isa = PBXBuildFile; fileRef = 506EDBA4102F4C9F00A389B3 /* AVFoundation.framework */; };
		505574591045D68500A31725 /* AudioToolbox.framework in Frameworks */ = {isa = PBXBuildFile; fileRef = DC6640020F83B3EA000B3E49 /* AudioToolbox.framework */; };
		5055745A1045D68500A31725 /* CoreGraphics.framework in Frameworks */ = {isa = PBXBuildFile; fileRef = DCCBF1B60F6022AE0040855A /* CoreGraphics.framework */; };
		5055745B1045D68500A31725 /* OpenAL.framework in Frameworks */ = {isa = PBXBuildFile; fileRef = DC6640040F83B3EA000B3E49 /* OpenAL.framework */; };
		5055745C1045D68500A31725 /* OpenGLES.framework in Frameworks */ = {isa = PBXBuildFile; fileRef = DCCBF1BA0F6022AE0040855A /* OpenGLES.framework */; };
		5055745D1045D68500A31725 /* QuartzCore.framework in Frameworks */ = {isa = PBXBuildFile; fileRef = DCCBF1BC0F6022AE0040855A /* QuartzCore.framework */; };
		5055745E1045D69D00A31725 /* libz.dylib in Frameworks */ = {isa = PBXBuildFile; fileRef = 506EDB87102F4C4000A389B3 /* libz.dylib */; };
		506EDB88102F4C4000A389B3 /* libz.dylib in Frameworks */ = {isa = PBXBuildFile; fileRef = 506EDB87102F4C4000A389B3 /* libz.dylib */; };
		506EDBA5102F4C9F00A389B3 /* AVFoundation.framework in Frameworks */ = {isa = PBXBuildFile; fileRef = 506EDBA4102F4C9F00A389B3 /* AVFoundation.framework */; };
		506EDC31102F528A00A389B3 /* DemoJoystickScene.m in Sources */ = {isa = PBXBuildFile; fileRef = 506EDC30102F528A00A389B3 /* DemoJoystickScene.m */; };
		506EE1A91030508200A389B3 /* libcocos2d libraries.a in Frameworks */ = {isa = PBXBuildFile; fileRef = 506EE05E10304ED200A389B3 /* libcocos2d libraries.a */; };
		50F414F01069373D002A0D5E /* Default.png in Resources */ = {isa = PBXBuildFile; fileRef = 50F414EC1069373D002A0D5E /* Default.png */; };
		50F414F11069373D002A0D5E /* fps_images.png in Resources */ = {isa = PBXBuildFile; fileRef = 50F414ED1069373D002A0D5E /* fps_images.png */; };
		50F414F21069373D002A0D5E /* Icon.png in Resources */ = {isa = PBXBuildFile; fileRef = 50F414EE1069373D002A0D5E /* Icon.png */; };
		DC6640030F83B3EA000B3E49 /* AudioToolbox.framework in Frameworks */ = {isa = PBXBuildFile; fileRef = DC6640020F83B3EA000B3E49 /* AudioToolbox.framework */; };
		DC6640050F83B3EA000B3E49 /* OpenAL.framework in Frameworks */ = {isa = PBXBuildFile; fileRef = DC6640040F83B3EA000B3E49 /* OpenAL.framework */; };
		DCCBF1B70F6022AE0040855A /* CoreGraphics.framework in Frameworks */ = {isa = PBXBuildFile; fileRef = DCCBF1B60F6022AE0040855A /* CoreGraphics.framework */; };
		DCCBF1B90F6022AE0040855A /* Foundation.framework in Frameworks */ = {isa = PBXBuildFile; fileRef = DCCBF1B80F6022AE0040855A /* Foundation.framework */; };
		DCCBF1BB0F6022AE0040855A /* OpenGLES.framework in Frameworks */ = {isa = PBXBuildFile; fileRef = DCCBF1BA0F6022AE0040855A /* OpenGLES.framework */; };
		DCCBF1BD0F6022AE0040855A /* QuartzCore.framework in Frameworks */ = {isa = PBXBuildFile; fileRef = DCCBF1BC0F6022AE0040855A /* QuartzCore.framework */; };
		DCCBF1BF0F6022AE0040855A /* UIKit.framework in Frameworks */ = {isa = PBXBuildFile; fileRef = DCCBF1BE0F6022AE0040855A /* UIKit.framework */; };
/* End PBXBuildFile section */

/* Begin PBXContainerItemProxy section */
		506EE1A71030507B00A389B3 /* PBXContainerItemProxy */ = {
			isa = PBXContainerItemProxy;
			containerPortal = 29B97313FDCFA39411CA2CEA /* Project object */;
			proxyType = 1;
			remoteGlobalIDString = 506EE05D10304ED200A389B3;
			remoteInfo = "cocos2d libraries";
		};
/* End PBXContainerItemProxy section */

/* Begin PBXFileReference section */
		1D6058910D05DD3D006BFB54 /* SneakyJoystick.app */ = {isa = PBXFileReference; explicitFileType = wrapper.application; includeInIndex = 0; path = SneakyJoystick.app; sourceTree = BUILT_PRODUCTS_DIR; };
		1F3B9A2B0EF2145700286867 /* SneakyJoystickAppDelegate.m */ = {isa = PBXFileReference; fileEncoding = 4; lastKnownFileType = sourcecode.c.objc; name = SneakyJoystickAppDelegate.m; path = Classes/SneakyJoystickAppDelegate.m; sourceTree = SOURCE_ROOT; };
		1F3B9A2C0EF2145700286867 /* SneakyJoystickAppDelegate.h */ = {isa = PBXFileReference; fileEncoding = 4; lastKnownFileType = sourcecode.c.h; name = SneakyJoystickAppDelegate.h; path = Classes/SneakyJoystickAppDelegate.h; sourceTree = SOURCE_ROOT; };
		1F3B9A820EF2151B00286867 /* SneakyJoystick_Prefix.pch */ = {isa = PBXFileReference; fileEncoding = 4; lastKnownFileType = sourcecode.c.h; path = SneakyJoystick_Prefix.pch; sourceTree = SOURCE_ROOT; };
		29B97316FDCFA39411CA2CEA /* main.m */ = {isa = PBXFileReference; fileEncoding = 4; lastKnownFileType = sourcecode.c.objc; path = main.m; sourceTree = "<group>"; };
		3317D07F1129BA110056F249 /* SneakyJoystick.h */ = {isa = PBXFileReference; fileEncoding = 4; lastKnownFileType = sourcecode.c.h; path = SneakyJoystick.h; sourceTree = "<group>"; };
		3317D0801129BA110056F249 /* SneakyJoystick.m */ = {isa = PBXFileReference; fileEncoding = 4; lastKnownFileType = sourcecode.c.objc; path = SneakyJoystick.m; sourceTree = "<group>"; };
		3726E65E112BC883003A9A62 /* CCAction.h */ = {isa = PBXFileReference; fileEncoding = 4; lastKnownFileType = sourcecode.c.h; name = CCAction.h; path = ../GitC2DO/cocos2d/CCAction.h; sourceTree = SOURCE_ROOT; };
		3726E65F112BC883003A9A62 /* CCAction.m */ = {isa = PBXFileReference; fileEncoding = 4; lastKnownFileType = sourcecode.c.objc; name = CCAction.m; path = ../GitC2DO/cocos2d/CCAction.m; sourceTree = SOURCE_ROOT; };
		3726E660112BC883003A9A62 /* CCActionManager.h */ = {isa = PBXFileReference; fileEncoding = 4; lastKnownFileType = sourcecode.c.h; name = CCActionManager.h; path = ../GitC2DO/cocos2d/CCActionManager.h; sourceTree = SOURCE_ROOT; };
		3726E661112BC883003A9A62 /* CCActionManager.m */ = {isa = PBXFileReference; fileEncoding = 4; lastKnownFileType = sourcecode.c.objc; name = CCActionManager.m; path = ../GitC2DO/cocos2d/CCActionManager.m; sourceTree = SOURCE_ROOT; };
		3726E662112BC883003A9A62 /* CCAtlasNode.h */ = {isa = PBXFileReference; fileEncoding = 4; lastKnownFileType = sourcecode.c.h; name = CCAtlasNode.h; path = ../GitC2DO/cocos2d/CCAtlasNode.h; sourceTree = SOURCE_ROOT; };
		3726E663112BC883003A9A62 /* CCAtlasNode.m */ = {isa = PBXFileReference; fileEncoding = 4; lastKnownFileType = sourcecode.c.objc; name = CCAtlasNode.m; path = ../GitC2DO/cocos2d/CCAtlasNode.m; sourceTree = SOURCE_ROOT; };
		3726E664112BC883003A9A62 /* CCBitmapFontAtlas.h */ = {isa = PBXFileReference; fileEncoding = 4; lastKnownFileType = sourcecode.c.h; name = CCBitmapFontAtlas.h; path = ../GitC2DO/cocos2d/CCBitmapFontAtlas.h; sourceTree = SOURCE_ROOT; };
		3726E665112BC883003A9A62 /* CCBitmapFontAtlas.m */ = {isa = PBXFileReference; fileEncoding = 4; lastKnownFileType = sourcecode.c.objc; name = CCBitmapFontAtlas.m; path = ../GitC2DO/cocos2d/CCBitmapFontAtlas.m; sourceTree = SOURCE_ROOT; };
		3726E666112BC883003A9A62 /* CCCamera.h */ = {isa = PBXFileReference; fileEncoding = 4; lastKnownFileType = sourcecode.c.h; name = CCCamera.h; path = ../GitC2DO/cocos2d/CCCamera.h; sourceTree = SOURCE_ROOT; };
		3726E667112BC883003A9A62 /* CCCamera.m */ = {isa = PBXFileReference; fileEncoding = 4; lastKnownFileType = sourcecode.c.objc; name = CCCamera.m; path = ../GitC2DO/cocos2d/CCCamera.m; sourceTree = SOURCE_ROOT; };
		3726E668112BC883003A9A62 /* CCCameraAction.h */ = {isa = PBXFileReference; fileEncoding = 4; lastKnownFileType = sourcecode.c.h; name = CCCameraAction.h; path = ../GitC2DO/cocos2d/CCCameraAction.h; sourceTree = SOURCE_ROOT; };
		3726E669112BC883003A9A62 /* CCCameraAction.m */ = {isa = PBXFileReference; fileEncoding = 4; lastKnownFileType = sourcecode.c.objc; name = CCCameraAction.m; path = ../GitC2DO/cocos2d/CCCameraAction.m; sourceTree = SOURCE_ROOT; };
		3726E66A112BC883003A9A62 /* CCCompatibility.h */ = {isa = PBXFileReference; fileEncoding = 4; lastKnownFileType = sourcecode.c.h; name = CCCompatibility.h; path = ../GitC2DO/cocos2d/CCCompatibility.h; sourceTree = SOURCE_ROOT; };
		3726E66B112BC883003A9A62 /* CCCompatibility.m */ = {isa = PBXFileReference; fileEncoding = 4; lastKnownFileType = sourcecode.c.objc; name = CCCompatibility.m; path = ../GitC2DO/cocos2d/CCCompatibility.m; sourceTree = SOURCE_ROOT; };
		3726E66C112BC883003A9A62 /* ccConfig.h */ = {isa = PBXFileReference; fileEncoding = 4; lastKnownFileType = sourcecode.c.h; name = ccConfig.h; path = ../GitC2DO/cocos2d/ccConfig.h; sourceTree = SOURCE_ROOT; };
		3726E66D112BC883003A9A62 /* CCConfiguration.h */ = {isa = PBXFileReference; fileEncoding = 4; lastKnownFileType = sourcecode.c.h; name = CCConfiguration.h; path = ../GitC2DO/cocos2d/CCConfiguration.h; sourceTree = SOURCE_ROOT; };
		3726E66E112BC883003A9A62 /* CCConfiguration.m */ = {isa = PBXFileReference; fileEncoding = 4; lastKnownFileType = sourcecode.c.objc; name = CCConfiguration.m; path = ../GitC2DO/cocos2d/CCConfiguration.m; sourceTree = SOURCE_ROOT; };
		3726E66F112BC883003A9A62 /* CCDirector.h */ = {isa = PBXFileReference; fileEncoding = 4; lastKnownFileType = sourcecode.c.h; name = CCDirector.h; path = ../GitC2DO/cocos2d/CCDirector.h; sourceTree = SOURCE_ROOT; };
		3726E670112BC883003A9A62 /* CCDirector.m */ = {isa = PBXFileReference; fileEncoding = 4; lastKnownFileType = sourcecode.c.objc; name = CCDirector.m; path = ../GitC2DO/cocos2d/CCDirector.m; sourceTree = SOURCE_ROOT; };
		3726E671112BC883003A9A62 /* CCDrawingPrimitives.h */ = {isa = PBXFileReference; fileEncoding = 4; lastKnownFileType = sourcecode.c.h; name = CCDrawingPrimitives.h; path = ../GitC2DO/cocos2d/CCDrawingPrimitives.h; sourceTree = SOURCE_ROOT; };
		3726E672112BC883003A9A62 /* CCDrawingPrimitives.m */ = {isa = PBXFileReference; fileEncoding = 4; lastKnownFileType = sourcecode.c.objc; name = CCDrawingPrimitives.m; path = ../GitC2DO/cocos2d/CCDrawingPrimitives.m; sourceTree = SOURCE_ROOT; };
		3726E673112BC883003A9A62 /* CCEaseAction.h */ = {isa = PBXFileReference; fileEncoding = 4; lastKnownFileType = sourcecode.c.h; name = CCEaseAction.h; path = ../GitC2DO/cocos2d/CCEaseAction.h; sourceTree = SOURCE_ROOT; };
		3726E674112BC883003A9A62 /* CCEaseAction.m */ = {isa = PBXFileReference; fileEncoding = 4; lastKnownFileType = sourcecode.c.objc; name = CCEaseAction.m; path = ../GitC2DO/cocos2d/CCEaseAction.m; sourceTree = SOURCE_ROOT; };
		3726E675112BC883003A9A62 /* ccExceptions.h */ = {isa = PBXFileReference; fileEncoding = 4; lastKnownFileType = sourcecode.c.h; name = ccExceptions.h; path = ../GitC2DO/cocos2d/ccExceptions.h; sourceTree = SOURCE_ROOT; };
		3726E676112BC883003A9A62 /* CCGrabber.h */ = {isa = PBXFileReference; fileEncoding = 4; lastKnownFileType = sourcecode.c.h; name = CCGrabber.h; path = ../GitC2DO/cocos2d/CCGrabber.h; sourceTree = SOURCE_ROOT; };
		3726E677112BC883003A9A62 /* CCGrabber.m */ = {isa = PBXFileReference; fileEncoding = 4; lastKnownFileType = sourcecode.c.objc; name = CCGrabber.m; path = ../GitC2DO/cocos2d/CCGrabber.m; sourceTree = SOURCE_ROOT; };
		3726E678112BC883003A9A62 /* CCGrid.h */ = {isa = PBXFileReference; fileEncoding = 4; lastKnownFileType = sourcecode.c.h; name = CCGrid.h; path = ../GitC2DO/cocos2d/CCGrid.h; sourceTree = SOURCE_ROOT; };
		3726E679112BC883003A9A62 /* CCGrid.m */ = {isa = PBXFileReference; fileEncoding = 4; lastKnownFileType = sourcecode.c.objc; name = CCGrid.m; path = ../GitC2DO/cocos2d/CCGrid.m; sourceTree = SOURCE_ROOT; };
		3726E67A112BC883003A9A62 /* CCGrid3DAction.h */ = {isa = PBXFileReference; fileEncoding = 4; lastKnownFileType = sourcecode.c.h; name = CCGrid3DAction.h; path = ../GitC2DO/cocos2d/CCGrid3DAction.h; sourceTree = SOURCE_ROOT; };
		3726E67B112BC883003A9A62 /* CCGrid3DAction.m */ = {isa = PBXFileReference; fileEncoding = 4; lastKnownFileType = sourcecode.c.objc; name = CCGrid3DAction.m; path = ../GitC2DO/cocos2d/CCGrid3DAction.m; sourceTree = SOURCE_ROOT; };
		3726E67C112BC883003A9A62 /* CCGridAction.h */ = {isa = PBXFileReference; fileEncoding = 4; lastKnownFileType = sourcecode.c.h; name = CCGridAction.h; path = ../GitC2DO/cocos2d/CCGridAction.h; sourceTree = SOURCE_ROOT; };
		3726E67D112BC883003A9A62 /* CCGridAction.m */ = {isa = PBXFileReference; fileEncoding = 4; lastKnownFileType = sourcecode.c.objc; name = CCGridAction.m; path = ../GitC2DO/cocos2d/CCGridAction.m; sourceTree = SOURCE_ROOT; };
		3726E67E112BC883003A9A62 /* CCInstantAction.h */ = {isa = PBXFileReference; fileEncoding = 4; lastKnownFileType = sourcecode.c.h; name = CCInstantAction.h; path = ../GitC2DO/cocos2d/CCInstantAction.h; sourceTree = SOURCE_ROOT; };
		3726E67F112BC883003A9A62 /* CCInstantAction.m */ = {isa = PBXFileReference; fileEncoding = 4; lastKnownFileType = sourcecode.c.objc; name = CCInstantAction.m; path = ../GitC2DO/cocos2d/CCInstantAction.m; sourceTree = SOURCE_ROOT; };
		3726E680112BC883003A9A62 /* CCIntervalAction.h */ = {isa = PBXFileReference; fileEncoding = 4; lastKnownFileType = sourcecode.c.h; name = CCIntervalAction.h; path = ../GitC2DO/cocos2d/CCIntervalAction.h; sourceTree = SOURCE_ROOT; };
		3726E681112BC883003A9A62 /* CCIntervalAction.m */ = {isa = PBXFileReference; fileEncoding = 4; lastKnownFileType = sourcecode.c.objc; name = CCIntervalAction.m; path = ../GitC2DO/cocos2d/CCIntervalAction.m; sourceTree = SOURCE_ROOT; };
		3726E682112BC883003A9A62 /* CCLabel.h */ = {isa = PBXFileReference; fileEncoding = 4; lastKnownFileType = sourcecode.c.h; name = CCLabel.h; path = ../GitC2DO/cocos2d/CCLabel.h; sourceTree = SOURCE_ROOT; };
		3726E683112BC883003A9A62 /* CCLabel.m */ = {isa = PBXFileReference; fileEncoding = 4; lastKnownFileType = sourcecode.c.objc; name = CCLabel.m; path = ../GitC2DO/cocos2d/CCLabel.m; sourceTree = SOURCE_ROOT; };
		3726E684112BC883003A9A62 /* CCLabelAtlas.h */ = {isa = PBXFileReference; fileEncoding = 4; lastKnownFileType = sourcecode.c.h; name = CCLabelAtlas.h; path = ../GitC2DO/cocos2d/CCLabelAtlas.h; sourceTree = SOURCE_ROOT; };
		3726E685112BC883003A9A62 /* CCLabelAtlas.m */ = {isa = PBXFileReference; fileEncoding = 4; lastKnownFileType = sourcecode.c.objc; name = CCLabelAtlas.m; path = ../GitC2DO/cocos2d/CCLabelAtlas.m; sourceTree = SOURCE_ROOT; };
		3726E686112BC883003A9A62 /* CCLayer.h */ = {isa = PBXFileReference; fileEncoding = 4; lastKnownFileType = sourcecode.c.h; name = CCLayer.h; path = ../GitC2DO/cocos2d/CCLayer.h; sourceTree = SOURCE_ROOT; };
		3726E687112BC883003A9A62 /* CCLayer.m */ = {isa = PBXFileReference; fileEncoding = 4; lastKnownFileType = sourcecode.c.objc; name = CCLayer.m; path = ../GitC2DO/cocos2d/CCLayer.m; sourceTree = SOURCE_ROOT; };
		3726E688112BC883003A9A62 /* ccMacros.h */ = {isa = PBXFileReference; fileEncoding = 4; lastKnownFileType = sourcecode.c.h; name = ccMacros.h; path = ../GitC2DO/cocos2d/ccMacros.h; sourceTree = SOURCE_ROOT; };
		3726E689112BC883003A9A62 /* CCMenu.h */ = {isa = PBXFileReference; fileEncoding = 4; lastKnownFileType = sourcecode.c.h; name = CCMenu.h; path = ../GitC2DO/cocos2d/CCMenu.h; sourceTree = SOURCE_ROOT; };
		3726E68A112BC883003A9A62 /* CCMenu.m */ = {isa = PBXFileReference; fileEncoding = 4; lastKnownFileType = sourcecode.c.objc; name = CCMenu.m; path = ../GitC2DO/cocos2d/CCMenu.m; sourceTree = SOURCE_ROOT; };
		3726E68B112BC883003A9A62 /* CCMenuItem.h */ = {isa = PBXFileReference; fileEncoding = 4; lastKnownFileType = sourcecode.c.h; name = CCMenuItem.h; path = ../GitC2DO/cocos2d/CCMenuItem.h; sourceTree = SOURCE_ROOT; };
		3726E68C112BC883003A9A62 /* CCMenuItem.m */ = {isa = PBXFileReference; fileEncoding = 4; lastKnownFileType = sourcecode.c.objc; name = CCMenuItem.m; path = ../GitC2DO/cocos2d/CCMenuItem.m; sourceTree = SOURCE_ROOT; };
		3726E68D112BC883003A9A62 /* CCMotionStreak.h */ = {isa = PBXFileReference; fileEncoding = 4; lastKnownFileType = sourcecode.c.h; name = CCMotionStreak.h; path = ../GitC2DO/cocos2d/CCMotionStreak.h; sourceTree = SOURCE_ROOT; };
		3726E68E112BC883003A9A62 /* CCMotionStreak.m */ = {isa = PBXFileReference; fileEncoding = 4; lastKnownFileType = sourcecode.c.objc; name = CCMotionStreak.m; path = ../GitC2DO/cocos2d/CCMotionStreak.m; sourceTree = SOURCE_ROOT; };
		3726E68F112BC883003A9A62 /* CCNode.h */ = {isa = PBXFileReference; fileEncoding = 4; lastKnownFileType = sourcecode.c.h; name = CCNode.h; path = ../GitC2DO/cocos2d/CCNode.h; sourceTree = SOURCE_ROOT; };
		3726E690112BC883003A9A62 /* CCNode.m */ = {isa = PBXFileReference; fileEncoding = 4; lastKnownFileType = sourcecode.c.objc; name = CCNode.m; path = ../GitC2DO/cocos2d/CCNode.m; sourceTree = SOURCE_ROOT; };
		3726E691112BC883003A9A62 /* CCPageTurn3DAction.h */ = {isa = PBXFileReference; fileEncoding = 4; lastKnownFileType = sourcecode.c.h; name = CCPageTurn3DAction.h; path = ../GitC2DO/cocos2d/CCPageTurn3DAction.h; sourceTree = SOURCE_ROOT; };
		3726E692112BC883003A9A62 /* CCPageTurn3DAction.m */ = {isa = PBXFileReference; fileEncoding = 4; lastKnownFileType = sourcecode.c.objc; name = CCPageTurn3DAction.m; path = ../GitC2DO/cocos2d/CCPageTurn3DAction.m; sourceTree = SOURCE_ROOT; };
		3726E693112BC883003A9A62 /* CCPageTurnTransition.h */ = {isa = PBXFileReference; fileEncoding = 4; lastKnownFileType = sourcecode.c.h; name = CCPageTurnTransition.h; path = ../GitC2DO/cocos2d/CCPageTurnTransition.h; sourceTree = SOURCE_ROOT; };
		3726E694112BC883003A9A62 /* CCPageTurnTransition.m */ = {isa = PBXFileReference; fileEncoding = 4; lastKnownFileType = sourcecode.c.objc; name = CCPageTurnTransition.m; path = ../GitC2DO/cocos2d/CCPageTurnTransition.m; sourceTree = SOURCE_ROOT; };
		3726E695112BC883003A9A62 /* CCParallaxNode.h */ = {isa = PBXFileReference; fileEncoding = 4; lastKnownFileType = sourcecode.c.h; name = CCParallaxNode.h; path = ../GitC2DO/cocos2d/CCParallaxNode.h; sourceTree = SOURCE_ROOT; };
		3726E696112BC883003A9A62 /* CCParallaxNode.m */ = {isa = PBXFileReference; fileEncoding = 4; lastKnownFileType = sourcecode.c.objc; name = CCParallaxNode.m; path = ../GitC2DO/cocos2d/CCParallaxNode.m; sourceTree = SOURCE_ROOT; };
		3726E697112BC883003A9A62 /* CCParticleExamples.h */ = {isa = PBXFileReference; fileEncoding = 4; lastKnownFileType = sourcecode.c.h; name = CCParticleExamples.h; path = ../GitC2DO/cocos2d/CCParticleExamples.h; sourceTree = SOURCE_ROOT; };
		3726E698112BC883003A9A62 /* CCParticleExamples.m */ = {isa = PBXFileReference; fileEncoding = 4; lastKnownFileType = sourcecode.c.objc; name = CCParticleExamples.m; path = ../GitC2DO/cocos2d/CCParticleExamples.m; sourceTree = SOURCE_ROOT; };
		3726E699112BC883003A9A62 /* CCParticleSystem.h */ = {isa = PBXFileReference; fileEncoding = 4; lastKnownFileType = sourcecode.c.h; name = CCParticleSystem.h; path = ../GitC2DO/cocos2d/CCParticleSystem.h; sourceTree = SOURCE_ROOT; };
		3726E69A112BC883003A9A62 /* CCParticleSystem.m */ = {isa = PBXFileReference; fileEncoding = 4; lastKnownFileType = sourcecode.c.objc; name = CCParticleSystem.m; path = ../GitC2DO/cocos2d/CCParticleSystem.m; sourceTree = SOURCE_ROOT; };
		3726E69B112BC883003A9A62 /* CCPointParticleSystem.h */ = {isa = PBXFileReference; fileEncoding = 4; lastKnownFileType = sourcecode.c.h; name = CCPointParticleSystem.h; path = ../GitC2DO/cocos2d/CCPointParticleSystem.h; sourceTree = SOURCE_ROOT; };
		3726E69C112BC883003A9A62 /* CCPointParticleSystem.m */ = {isa = PBXFileReference; fileEncoding = 4; lastKnownFileType = sourcecode.c.objc; name = CCPointParticleSystem.m; path = ../GitC2DO/cocos2d/CCPointParticleSystem.m; sourceTree = SOURCE_ROOT; };
		3726E69D112BC883003A9A62 /* CCProtocols.h */ = {isa = PBXFileReference; fileEncoding = 4; lastKnownFileType = sourcecode.c.h; name = CCProtocols.h; path = ../GitC2DO/cocos2d/CCProtocols.h; sourceTree = SOURCE_ROOT; };
		3726E69E112BC883003A9A62 /* CCPVRTexture.h */ = {isa = PBXFileReference; fileEncoding = 4; lastKnownFileType = sourcecode.c.h; name = CCPVRTexture.h; path = ../GitC2DO/cocos2d/CCPVRTexture.h; sourceTree = SOURCE_ROOT; };
		3726E69F112BC883003A9A62 /* CCPVRTexture.m */ = {isa = PBXFileReference; fileEncoding = 4; lastKnownFileType = sourcecode.c.objc; name = CCPVRTexture.m; path = ../GitC2DO/cocos2d/CCPVRTexture.m; sourceTree = SOURCE_ROOT; };
		3726E6A0112BC883003A9A62 /* CCQuadParticleSystem.h */ = {isa = PBXFileReference; fileEncoding = 4; lastKnownFileType = sourcecode.c.h; name = CCQuadParticleSystem.h; path = ../GitC2DO/cocos2d/CCQuadParticleSystem.h; sourceTree = SOURCE_ROOT; };
		3726E6A1112BC883003A9A62 /* CCQuadParticleSystem.m */ = {isa = PBXFileReference; fileEncoding = 4; lastKnownFileType = sourcecode.c.objc; name = CCQuadParticleSystem.m; path = ../GitC2DO/cocos2d/CCQuadParticleSystem.m; sourceTree = SOURCE_ROOT; };
		3726E6A2112BC883003A9A62 /* CCRenderTexture.h */ = {isa = PBXFileReference; fileEncoding = 4; lastKnownFileType = sourcecode.c.h; name = CCRenderTexture.h; path = ../GitC2DO/cocos2d/CCRenderTexture.h; sourceTree = SOURCE_ROOT; };
		3726E6A3112BC883003A9A62 /* CCRenderTexture.m */ = {isa = PBXFileReference; fileEncoding = 4; lastKnownFileType = sourcecode.c.objc; name = CCRenderTexture.m; path = ../GitC2DO/cocos2d/CCRenderTexture.m; sourceTree = SOURCE_ROOT; };
		3726E6A4112BC883003A9A62 /* CCRibbon.h */ = {isa = PBXFileReference; fileEncoding = 4; lastKnownFileType = sourcecode.c.h; name = CCRibbon.h; path = ../GitC2DO/cocos2d/CCRibbon.h; sourceTree = SOURCE_ROOT; };
		3726E6A5112BC883003A9A62 /* CCRibbon.m */ = {isa = PBXFileReference; fileEncoding = 4; lastKnownFileType = sourcecode.c.objc; name = CCRibbon.m; path = ../GitC2DO/cocos2d/CCRibbon.m; sourceTree = SOURCE_ROOT; };
		3726E6A6112BC883003A9A62 /* CCScene.h */ = {isa = PBXFileReference; fileEncoding = 4; lastKnownFileType = sourcecode.c.h; name = CCScene.h; path = ../GitC2DO/cocos2d/CCScene.h; sourceTree = SOURCE_ROOT; };
		3726E6A7112BC883003A9A62 /* CCScene.m */ = {isa = PBXFileReference; fileEncoding = 4; lastKnownFileType = sourcecode.c.objc; name = CCScene.m; path = ../GitC2DO/cocos2d/CCScene.m; sourceTree = SOURCE_ROOT; };
		3726E6A8112BC883003A9A62 /* CCScheduler.h */ = {isa = PBXFileReference; fileEncoding = 4; lastKnownFileType = sourcecode.c.h; name = CCScheduler.h; path = ../GitC2DO/cocos2d/CCScheduler.h; sourceTree = SOURCE_ROOT; };
		3726E6A9112BC883003A9A62 /* CCScheduler.m */ = {isa = PBXFileReference; fileEncoding = 4; lastKnownFileType = sourcecode.c.objc; name = CCScheduler.m; path = ../GitC2DO/cocos2d/CCScheduler.m; sourceTree = SOURCE_ROOT; };
		3726E6AA112BC883003A9A62 /* CCSprite.h */ = {isa = PBXFileReference; fileEncoding = 4; lastKnownFileType = sourcecode.c.h; name = CCSprite.h; path = ../GitC2DO/cocos2d/CCSprite.h; sourceTree = SOURCE_ROOT; };
		3726E6AB112BC883003A9A62 /* CCSprite.m */ = {isa = PBXFileReference; fileEncoding = 4; lastKnownFileType = sourcecode.c.objc; name = CCSprite.m; path = ../GitC2DO/cocos2d/CCSprite.m; sourceTree = SOURCE_ROOT; };
		3726E6AC112BC883003A9A62 /* CCSpriteFrame.h */ = {isa = PBXFileReference; fileEncoding = 4; lastKnownFileType = sourcecode.c.h; name = CCSpriteFrame.h; path = ../GitC2DO/cocos2d/CCSpriteFrame.h; sourceTree = SOURCE_ROOT; };
		3726E6AD112BC883003A9A62 /* CCSpriteFrame.m */ = {isa = PBXFileReference; fileEncoding = 4; lastKnownFileType = sourcecode.c.objc; name = CCSpriteFrame.m; path = ../GitC2DO/cocos2d/CCSpriteFrame.m; sourceTree = SOURCE_ROOT; };
		3726E6AE112BC883003A9A62 /* CCSpriteFrameCache.h */ = {isa = PBXFileReference; fileEncoding = 4; lastKnownFileType = sourcecode.c.h; name = CCSpriteFrameCache.h; path = ../GitC2DO/cocos2d/CCSpriteFrameCache.h; sourceTree = SOURCE_ROOT; };
		3726E6AF112BC883003A9A62 /* CCSpriteFrameCache.m */ = {isa = PBXFileReference; fileEncoding = 4; lastKnownFileType = sourcecode.c.objc; name = CCSpriteFrameCache.m; path = ../GitC2DO/cocos2d/CCSpriteFrameCache.m; sourceTree = SOURCE_ROOT; };
		3726E6B0112BC883003A9A62 /* CCSpriteSheet.h */ = {isa = PBXFileReference; fileEncoding = 4; lastKnownFileType = sourcecode.c.h; name = CCSpriteSheet.h; path = ../GitC2DO/cocos2d/CCSpriteSheet.h; sourceTree = SOURCE_ROOT; };
		3726E6B1112BC883003A9A62 /* CCSpriteSheet.m */ = {isa = PBXFileReference; fileEncoding = 4; lastKnownFileType = sourcecode.c.objc; name = CCSpriteSheet.m; path = ../GitC2DO/cocos2d/CCSpriteSheet.m; sourceTree = SOURCE_ROOT; };
		3726E6B2112BC883003A9A62 /* CCTexture2D.h */ = {isa = PBXFileReference; fileEncoding = 4; lastKnownFileType = sourcecode.c.h; name = CCTexture2D.h; path = ../GitC2DO/cocos2d/CCTexture2D.h; sourceTree = SOURCE_ROOT; };
		3726E6B3112BC883003A9A62 /* CCTexture2D.m */ = {isa = PBXFileReference; fileEncoding = 4; lastKnownFileType = sourcecode.c.objc; name = CCTexture2D.m; path = ../GitC2DO/cocos2d/CCTexture2D.m; sourceTree = SOURCE_ROOT; };
		3726E6B4112BC883003A9A62 /* CCTextureAtlas.h */ = {isa = PBXFileReference; fileEncoding = 4; lastKnownFileType = sourcecode.c.h; name = CCTextureAtlas.h; path = ../GitC2DO/cocos2d/CCTextureAtlas.h; sourceTree = SOURCE_ROOT; };
		3726E6B5112BC883003A9A62 /* CCTextureAtlas.m */ = {isa = PBXFileReference; fileEncoding = 4; lastKnownFileType = sourcecode.c.objc; name = CCTextureAtlas.m; path = ../GitC2DO/cocos2d/CCTextureAtlas.m; sourceTree = SOURCE_ROOT; };
		3726E6B6112BC883003A9A62 /* CCTextureCache.h */ = {isa = PBXFileReference; fileEncoding = 4; lastKnownFileType = sourcecode.c.h; name = CCTextureCache.h; path = ../GitC2DO/cocos2d/CCTextureCache.h; sourceTree = SOURCE_ROOT; };
		3726E6B7112BC883003A9A62 /* CCTextureCache.m */ = {isa = PBXFileReference; fileEncoding = 4; lastKnownFileType = sourcecode.c.objc; name = CCTextureCache.m; path = ../GitC2DO/cocos2d/CCTextureCache.m; sourceTree = SOURCE_ROOT; };
		3726E6B8112BC883003A9A62 /* CCTextureNode.h */ = {isa = PBXFileReference; fileEncoding = 4; lastKnownFileType = sourcecode.c.h; name = CCTextureNode.h; path = ../GitC2DO/cocos2d/CCTextureNode.h; sourceTree = SOURCE_ROOT; };
		3726E6B9112BC883003A9A62 /* CCTiledGridAction.h */ = {isa = PBXFileReference; fileEncoding = 4; lastKnownFileType = sourcecode.c.h; name = CCTiledGridAction.h; path = ../GitC2DO/cocos2d/CCTiledGridAction.h; sourceTree = SOURCE_ROOT; };
		3726E6BA112BC883003A9A62 /* CCTiledGridAction.m */ = {isa = PBXFileReference; fileEncoding = 4; lastKnownFileType = sourcecode.c.objc; name = CCTiledGridAction.m; path = ../GitC2DO/cocos2d/CCTiledGridAction.m; sourceTree = SOURCE_ROOT; };
		3726E6BB112BC883003A9A62 /* CCTileMapAtlas.h */ = {isa = PBXFileReference; fileEncoding = 4; lastKnownFileType = sourcecode.c.h; name = CCTileMapAtlas.h; path = ../GitC2DO/cocos2d/CCTileMapAtlas.h; sourceTree = SOURCE_ROOT; };
		3726E6BC112BC883003A9A62 /* CCTileMapAtlas.m */ = {isa = PBXFileReference; fileEncoding = 4; lastKnownFileType = sourcecode.c.objc; name = CCTileMapAtlas.m; path = ../GitC2DO/cocos2d/CCTileMapAtlas.m; sourceTree = SOURCE_ROOT; };
		3726E6BD112BC883003A9A62 /* CCTMXLayer.h */ = {isa = PBXFileReference; fileEncoding = 4; lastKnownFileType = sourcecode.c.h; name = CCTMXLayer.h; path = ../GitC2DO/cocos2d/CCTMXLayer.h; sourceTree = SOURCE_ROOT; };
		3726E6BE112BC883003A9A62 /* CCTMXLayer.m */ = {isa = PBXFileReference; fileEncoding = 4; lastKnownFileType = sourcecode.c.objc; name = CCTMXLayer.m; path = ../GitC2DO/cocos2d/CCTMXLayer.m; sourceTree = SOURCE_ROOT; };
		3726E6BF112BC883003A9A62 /* CCTMXObjectGroup.h */ = {isa = PBXFileReference; fileEncoding = 4; lastKnownFileType = sourcecode.c.h; name = CCTMXObjectGroup.h; path = ../GitC2DO/cocos2d/CCTMXObjectGroup.h; sourceTree = SOURCE_ROOT; };
		3726E6C0112BC883003A9A62 /* CCTMXObjectGroup.m */ = {isa = PBXFileReference; fileEncoding = 4; lastKnownFileType = sourcecode.c.objc; name = CCTMXObjectGroup.m; path = ../GitC2DO/cocos2d/CCTMXObjectGroup.m; sourceTree = SOURCE_ROOT; };
		3726E6C1112BC883003A9A62 /* CCTMXTiledMap.h */ = {isa = PBXFileReference; fileEncoding = 4; lastKnownFileType = sourcecode.c.h; name = CCTMXTiledMap.h; path = ../GitC2DO/cocos2d/CCTMXTiledMap.h; sourceTree = SOURCE_ROOT; };
		3726E6C2112BC883003A9A62 /* CCTMXTiledMap.m */ = {isa = PBXFileReference; fileEncoding = 4; lastKnownFileType = sourcecode.c.objc; name = CCTMXTiledMap.m; path = ../GitC2DO/cocos2d/CCTMXTiledMap.m; sourceTree = SOURCE_ROOT; };
		3726E6C3112BC883003A9A62 /* CCTMXXMLParser.h */ = {isa = PBXFileReference; fileEncoding = 4; lastKnownFileType = sourcecode.c.h; name = CCTMXXMLParser.h; path = ../GitC2DO/cocos2d/CCTMXXMLParser.h; sourceTree = SOURCE_ROOT; };
		3726E6C4112BC883003A9A62 /* CCTMXXMLParser.m */ = {isa = PBXFileReference; fileEncoding = 4; lastKnownFileType = sourcecode.c.objc; name = CCTMXXMLParser.m; path = ../GitC2DO/cocos2d/CCTMXXMLParser.m; sourceTree = SOURCE_ROOT; };
		3726E6C5112BC883003A9A62 /* CCTouchDelegateProtocol.h */ = {isa = PBXFileReference; fileEncoding = 4; lastKnownFileType = sourcecode.c.h; name = CCTouchDelegateProtocol.h; path = ../GitC2DO/cocos2d/CCTouchDelegateProtocol.h; sourceTree = SOURCE_ROOT; };
		3726E6C6112BC883003A9A62 /* CCTouchDispatcher.h */ = {isa = PBXFileReference; fileEncoding = 4; lastKnownFileType = sourcecode.c.h; name = CCTouchDispatcher.h; path = ../GitC2DO/cocos2d/CCTouchDispatcher.h; sourceTree = SOURCE_ROOT; };
		3726E6C7112BC883003A9A62 /* CCTouchDispatcher.m */ = {isa = PBXFileReference; fileEncoding = 4; lastKnownFileType = sourcecode.c.objc; name = CCTouchDispatcher.m; path = ../GitC2DO/cocos2d/CCTouchDispatcher.m; sourceTree = SOURCE_ROOT; };
		3726E6C8112BC883003A9A62 /* CCTouchHandler.h */ = {isa = PBXFileReference; fileEncoding = 4; lastKnownFileType = sourcecode.c.h; name = CCTouchHandler.h; path = ../GitC2DO/cocos2d/CCTouchHandler.h; sourceTree = SOURCE_ROOT; };
		3726E6C9112BC883003A9A62 /* CCTouchHandler.m */ = {isa = PBXFileReference; fileEncoding = 4; lastKnownFileType = sourcecode.c.objc; name = CCTouchHandler.m; path = ../GitC2DO/cocos2d/CCTouchHandler.m; sourceTree = SOURCE_ROOT; };
		3726E6CA112BC883003A9A62 /* CCTransition.h */ = {isa = PBXFileReference; fileEncoding = 4; lastKnownFileType = sourcecode.c.h; name = CCTransition.h; path = ../GitC2DO/cocos2d/CCTransition.h; sourceTree = SOURCE_ROOT; };
		3726E6CB112BC883003A9A62 /* CCTransition.m */ = {isa = PBXFileReference; fileEncoding = 4; lastKnownFileType = sourcecode.c.objc; name = CCTransition.m; path = ../GitC2DO/cocos2d/CCTransition.m; sourceTree = SOURCE_ROOT; };
		3726E6CC112BC883003A9A62 /* ccTypes.h */ = {isa = PBXFileReference; fileEncoding = 4; lastKnownFileType = sourcecode.c.h; name = ccTypes.h; path = ../GitC2DO/cocos2d/ccTypes.h; sourceTree = SOURCE_ROOT; };
		3726E6CD112BC883003A9A62 /* cocos2d.h */ = {isa = PBXFileReference; fileEncoding = 4; lastKnownFileType = sourcecode.c.h; name = cocos2d.h; path = ../GitC2DO/cocos2d/cocos2d.h; sourceTree = SOURCE_ROOT; };
		3726E6CE112BC883003A9A62 /* cocos2d.m */ = {isa = PBXFileReference; fileEncoding = 4; lastKnownFileType = sourcecode.c.objc; name = cocos2d.m; path = ../GitC2DO/cocos2d/cocos2d.m; sourceTree = SOURCE_ROOT; };
		3726E6D0112BC883003A9A62 /* base64.c */ = {isa = PBXFileReference; fileEncoding = 4; lastKnownFileType = sourcecode.c.c; name = base64.c; path = ../GitC2DO/cocos2d/Support/base64.c; sourceTree = SOURCE_ROOT; };
		3726E6D1112BC883003A9A62 /* base64.h */ = {isa = PBXFileReference; fileEncoding = 4; lastKnownFileType = sourcecode.c.h; name = base64.h; path = ../GitC2DO/cocos2d/Support/base64.h; sourceTree = SOURCE_ROOT; };
		3726E6D2112BC883003A9A62 /* ccArray.h */ = {isa = PBXFileReference; fileEncoding = 4; lastKnownFileType = sourcecode.c.h; name = ccArray.h; path = ../GitC2DO/cocos2d/Support/ccArray.h; sourceTree = SOURCE_ROOT; };
		3726E6D3112BC883003A9A62 /* CCFileUtils.h */ = {isa = PBXFileReference; fileEncoding = 4; lastKnownFileType = sourcecode.c.h; name = CCFileUtils.h; path = ../GitC2DO/cocos2d/Support/CCFileUtils.h; sourceTree = SOURCE_ROOT; };
		3726E6D4112BC883003A9A62 /* CCFileUtils.m */ = {isa = PBXFileReference; fileEncoding = 4; lastKnownFileType = sourcecode.c.objc; name = CCFileUtils.m; path = ../GitC2DO/cocos2d/Support/CCFileUtils.m; sourceTree = SOURCE_ROOT; };
		3726E6D5112BC883003A9A62 /* ccHashSet.h */ = {isa = PBXFileReference; fileEncoding = 4; lastKnownFileType = sourcecode.c.h; name = ccHashSet.h; path = ../GitC2DO/cocos2d/Support/ccHashSet.h; sourceTree = SOURCE_ROOT; };
		3726E6D6112BC883003A9A62 /* ccHashSet.m */ = {isa = PBXFileReference; fileEncoding = 4; lastKnownFileType = sourcecode.c.objc; name = ccHashSet.m; path = ../GitC2DO/cocos2d/Support/ccHashSet.m; sourceTree = SOURCE_ROOT; };
		3726E6D7112BC883003A9A62 /* CGPointExtension.h */ = {isa = PBXFileReference; fileEncoding = 4; lastKnownFileType = sourcecode.c.h; name = CGPointExtension.h; path = ../GitC2DO/cocos2d/Support/CGPointExtension.h; sourceTree = SOURCE_ROOT; };
		3726E6D8112BC883003A9A62 /* CGPointExtension.m */ = {isa = PBXFileReference; fileEncoding = 4; lastKnownFileType = sourcecode.c.objc; name = CGPointExtension.m; path = ../GitC2DO/cocos2d/Support/CGPointExtension.m; sourceTree = SOURCE_ROOT; };
		3726E6D9112BC883003A9A62 /* EAGLView.h */ = {isa = PBXFileReference; fileEncoding = 4; lastKnownFileType = sourcecode.c.h; name = EAGLView.h; path = ../GitC2DO/cocos2d/Support/EAGLView.h; sourceTree = SOURCE_ROOT; };
		3726E6DA112BC883003A9A62 /* EAGLView.m */ = {isa = PBXFileReference; fileEncoding = 4; lastKnownFileType = sourcecode.c.objc; name = EAGLView.m; path = ../GitC2DO/cocos2d/Support/EAGLView.m; sourceTree = SOURCE_ROOT; };
		3726E6DB112BC883003A9A62 /* glu.c */ = {isa = PBXFileReference; fileEncoding = 4; lastKnownFileType = sourcecode.c.c; name = glu.c; path = ../GitC2DO/cocos2d/Support/glu.c; sourceTree = SOURCE_ROOT; };
		3726E6DC112BC883003A9A62 /* glu.h */ = {isa = PBXFileReference; fileEncoding = 4; lastKnownFileType = sourcecode.c.h; name = glu.h; path = ../GitC2DO/cocos2d/Support/glu.h; sourceTree = SOURCE_ROOT; };
		3726E6DD112BC883003A9A62 /* OpenGL_Internal.h */ = {isa = PBXFileReference; fileEncoding = 4; lastKnownFileType = sourcecode.c.h; name = OpenGL_Internal.h; path = ../GitC2DO/cocos2d/Support/OpenGL_Internal.h; sourceTree = SOURCE_ROOT; };
		3726E6DE112BC883003A9A62 /* TGAlib.h */ = {isa = PBXFileReference; fileEncoding = 4; lastKnownFileType = sourcecode.c.h; name = TGAlib.h; path = ../GitC2DO/cocos2d/Support/TGAlib.h; sourceTree = SOURCE_ROOT; };
		3726E6DF112BC883003A9A62 /* TGAlib.m */ = {isa = PBXFileReference; fileEncoding = 4; lastKnownFileType = sourcecode.c.objc; name = TGAlib.m; path = ../GitC2DO/cocos2d/Support/TGAlib.m; sourceTree = SOURCE_ROOT; };
		3726E6E0112BC883003A9A62 /* TransformUtils.h */ = {isa = PBXFileReference; fileEncoding = 4; lastKnownFileType = sourcecode.c.h; name = TransformUtils.h; path = ../GitC2DO/cocos2d/Support/TransformUtils.h; sourceTree = SOURCE_ROOT; };
		3726E6E1112BC883003A9A62 /* TransformUtils.m */ = {isa = PBXFileReference; fileEncoding = 4; lastKnownFileType = sourcecode.c.objc; name = TransformUtils.m; path = ../GitC2DO/cocos2d/Support/TransformUtils.m; sourceTree = SOURCE_ROOT; };
		3726E6E2112BC883003A9A62 /* ZipUtils.h */ = {isa = PBXFileReference; fileEncoding = 4; lastKnownFileType = sourcecode.c.h; name = ZipUtils.h; path = ../GitC2DO/cocos2d/Support/ZipUtils.h; sourceTree = SOURCE_ROOT; };
		3726E6E3112BC883003A9A62 /* ZipUtils.m */ = {isa = PBXFileReference; fileEncoding = 4; lastKnownFileType = sourcecode.c.objc; name = ZipUtils.m; path = ../GitC2DO/cocos2d/Support/ZipUtils.m; sourceTree = SOURCE_ROOT; };
		3726E783112BC8C4003A9A62 /* FontLabel.h */ = {isa = PBXFileReference; fileEncoding = 4; lastKnownFileType = sourcecode.c.h; name = FontLabel.h; path = ../GitC2DO/external/FontLabel/FontLabel.h; sourceTree = SOURCE_ROOT; };
		3726E784112BC8C4003A9A62 /* FontLabel.m */ = {isa = PBXFileReference; fileEncoding = 4; lastKnownFileType = sourcecode.c.objc; name = FontLabel.m; path = ../GitC2DO/external/FontLabel/FontLabel.m; sourceTree = SOURCE_ROOT; };
		3726E785112BC8C4003A9A62 /* FontLabelStringDrawing.h */ = {isa = PBXFileReference; fileEncoding = 4; lastKnownFileType = sourcecode.c.h; name = FontLabelStringDrawing.h; path = ../GitC2DO/external/FontLabel/FontLabelStringDrawing.h; sourceTree = SOURCE_ROOT; };
		3726E786112BC8C4003A9A62 /* FontLabelStringDrawing.m */ = {isa = PBXFileReference; fileEncoding = 4; lastKnownFileType = sourcecode.c.objc; name = FontLabelStringDrawing.m; path = ../GitC2DO/external/FontLabel/FontLabelStringDrawing.m; sourceTree = SOURCE_ROOT; };
		3726E787112BC8C4003A9A62 /* FontManager.h */ = {isa = PBXFileReference; fileEncoding = 4; lastKnownFileType = sourcecode.c.h; name = FontManager.h; path = ../GitC2DO/external/FontLabel/FontManager.h; sourceTree = SOURCE_ROOT; };
		3726E788112BC8C4003A9A62 /* FontManager.m */ = {isa = PBXFileReference; fileEncoding = 4; lastKnownFileType = sourcecode.c.objc; name = FontManager.m; path = ../GitC2DO/external/FontLabel/FontManager.m; sourceTree = SOURCE_ROOT; };
		3726E789112BC8C4003A9A62 /* ZAttributedString.h */ = {isa = PBXFileReference; fileEncoding = 4; lastKnownFileType = sourcecode.c.h; name = ZAttributedString.h; path = ../GitC2DO/external/FontLabel/ZAttributedString.h; sourceTree = SOURCE_ROOT; };
		3726E78A112BC8C4003A9A62 /* ZAttributedString.m */ = {isa = PBXFileReference; fileEncoding = 4; lastKnownFileType = sourcecode.c.objc; name = ZAttributedString.m; path = ../GitC2DO/external/FontLabel/ZAttributedString.m; sourceTree = SOURCE_ROOT; };
		3726E78B112BC8C4003A9A62 /* ZAttributedStringPrivate.h */ = {isa = PBXFileReference; fileEncoding = 4; lastKnownFileType = sourcecode.c.h; name = ZAttributedStringPrivate.h; path = ../GitC2DO/external/FontLabel/ZAttributedStringPrivate.h; sourceTree = SOURCE_ROOT; };
		3726E78C112BC8C4003A9A62 /* ZFont.h */ = {isa = PBXFileReference; fileEncoding = 4; lastKnownFileType = sourcecode.c.h; name = ZFont.h; path = ../GitC2DO/external/FontLabel/ZFont.h; sourceTree = SOURCE_ROOT; };
		3726E78D112BC8C4003A9A62 /* ZFont.m */ = {isa = PBXFileReference; fileEncoding = 4; lastKnownFileType = sourcecode.c.objc; name = ZFont.m; path = ../GitC2DO/external/FontLabel/ZFont.m; sourceTree = SOURCE_ROOT; };
		37520CB2112CFCF300058B73 /* ColoredCircleSprite.h */ = {isa = PBXFileReference; fileEncoding = 4; lastKnownFileType = sourcecode.c.h; path = ColoredCircleSprite.h; sourceTree = "<group>"; };
		37520CB3112CFCF300058B73 /* ColoredCircleSprite.m */ = {isa = PBXFileReference; fileEncoding = 4; lastKnownFileType = sourcecode.c.objc; path = ColoredCircleSprite.m; sourceTree = "<group>"; };
		37520CBB112CFD8400058B73 /* SneakyJoystickSkinnedDPadExample.h */ = {isa = PBXFileReference; fileEncoding = 4; lastKnownFileType = sourcecode.c.h; path = SneakyJoystickSkinnedDPadExample.h; sourceTree = "<group>"; };
		37520CBC112CFD8400058B73 /* SneakyJoystickSkinnedDPadExample.m */ = {isa = PBXFileReference; fileEncoding = 4; lastKnownFileType = sourcecode.c.objc; path = SneakyJoystickSkinnedDPadExample.m; sourceTree = "<group>"; };
		37520CD1112D02E300058B73 /* DPad_BG.png */ = {isa = PBXFileReference; lastKnownFileType = image.png; path = DPad_BG.png; sourceTree = "<group>"; };
		37520D15112D085900058B73 /* SneakyJoystickSkinnedJoystickExample.h */ = {isa = PBXFileReference; fileEncoding = 4; lastKnownFileType = sourcecode.c.h; path = SneakyJoystickSkinnedJoystickExample.h; sourceTree = "<group>"; };
		37520D16112D085900058B73 /* SneakyJoystickSkinnedJoystickExample.m */ = {isa = PBXFileReference; fileEncoding = 4; lastKnownFileType = sourcecode.c.objc; path = SneakyJoystickSkinnedJoystickExample.m; sourceTree = "<group>"; };
		37520D18112D088000058B73 /* SneakyJoystickSkinnedBase.h */ = {isa = PBXFileReference; fileEncoding = 4; lastKnownFileType = sourcecode.c.h; path = SneakyJoystickSkinnedBase.h; sourceTree = "<group>"; };
		37520D19112D088000058B73 /* SneakyJoystickSkinnedBase.m */ = {isa = PBXFileReference; fileEncoding = 4; lastKnownFileType = sourcecode.c.objc; path = SneakyJoystickSkinnedBase.m; sourceTree = "<group>"; };
		506EDB87102F4C4000A389B3 /* libz.dylib */ = {isa = PBXFileReference; lastKnownFileType = "compiled.mach-o.dylib"; name = libz.dylib; path = usr/lib/libz.dylib; sourceTree = SDKROOT; };
		506EDBA4102F4C9F00A389B3 /* AVFoundation.framework */ = {isa = PBXFileReference; lastKnownFileType = wrapper.framework; name = AVFoundation.framework; path = System/Library/Frameworks/AVFoundation.framework; sourceTree = SDKROOT; };
		506EDC2F102F528A00A389B3 /* DemoJoystickScene.h */ = {isa = PBXFileReference; fileEncoding = 4; lastKnownFileType = sourcecode.c.h; path = DemoJoystickScene.h; sourceTree = "<group>"; };
		506EDC30102F528A00A389B3 /* DemoJoystickScene.m */ = {isa = PBXFileReference; fileEncoding = 4; lastKnownFileType = sourcecode.c.objc; path = DemoJoystickScene.m; sourceTree = "<group>"; };
		506EE05E10304ED200A389B3 /* libcocos2d libraries.a */ = {isa = PBXFileReference; explicitFileType = archive.ar; includeInIndex = 0; path = "libcocos2d libraries.a"; sourceTree = BUILT_PRODUCTS_DIR; };
		50F414EC1069373D002A0D5E /* Default.png */ = {isa = PBXFileReference; lastKnownFileType = image.png; path = Default.png; sourceTree = "<group>"; };
		50F414ED1069373D002A0D5E /* fps_images.png */ = {isa = PBXFileReference; lastKnownFileType = image.png; path = fps_images.png; sourceTree = "<group>"; };
		50F414EE1069373D002A0D5E /* Icon.png */ = {isa = PBXFileReference; lastKnownFileType = image.png; path = Icon.png; sourceTree = "<group>"; };
		50F414EF1069373D002A0D5E /* Info.plist */ = {isa = PBXFileReference; fileEncoding = 4; lastKnownFileType = text.plist.xml; path = Info.plist; sourceTree = "<group>"; };
		DC6640020F83B3EA000B3E49 /* AudioToolbox.framework */ = {isa = PBXFileReference; lastKnownFileType = wrapper.framework; name = AudioToolbox.framework; path = System/Library/Frameworks/AudioToolbox.framework; sourceTree = SDKROOT; };
		DC6640040F83B3EA000B3E49 /* OpenAL.framework */ = {isa = PBXFileReference; lastKnownFileType = wrapper.framework; name = OpenAL.framework; path = System/Library/Frameworks/OpenAL.framework; sourceTree = SDKROOT; };
		DCCBF1B60F6022AE0040855A /* CoreGraphics.framework */ = {isa = PBXFileReference; lastKnownFileType = wrapper.framework; name = CoreGraphics.framework; path = System/Library/Frameworks/CoreGraphics.framework; sourceTree = SDKROOT; };
		DCCBF1B80F6022AE0040855A /* Foundation.framework */ = {isa = PBXFileReference; lastKnownFileType = wrapper.framework; name = Foundation.framework; path = System/Library/Frameworks/Foundation.framework; sourceTree = SDKROOT; };
		DCCBF1BA0F6022AE0040855A /* OpenGLES.framework */ = {isa = PBXFileReference; lastKnownFileType = wrapper.framework; name = OpenGLES.framework; path = System/Library/Frameworks/OpenGLES.framework; sourceTree = SDKROOT; };
		DCCBF1BC0F6022AE0040855A /* QuartzCore.framework */ = {isa = PBXFileReference; lastKnownFileType = wrapper.framework; name = QuartzCore.framework; path = System/Library/Frameworks/QuartzCore.framework; sourceTree = SDKROOT; };
		DCCBF1BE0F6022AE0040855A /* UIKit.framework */ = {isa = PBXFileReference; lastKnownFileType = wrapper.framework; name = UIKit.framework; path = System/Library/Frameworks/UIKit.framework; sourceTree = SDKROOT; };
/* End PBXFileReference section */

/* Begin PBXFrameworksBuildPhase section */
		1D60588F0D05DD3D006BFB54 /* Frameworks */ = {
			isa = PBXFrameworksBuildPhase;
			buildActionMask = 2147483647;
			files = (
				DCCBF1B70F6022AE0040855A /* CoreGraphics.framework in Frameworks */,
				DCCBF1B90F6022AE0040855A /* Foundation.framework in Frameworks */,
				DCCBF1BB0F6022AE0040855A /* OpenGLES.framework in Frameworks */,
				DCCBF1BD0F6022AE0040855A /* QuartzCore.framework in Frameworks */,
				DCCBF1BF0F6022AE0040855A /* UIKit.framework in Frameworks */,
				DC6640030F83B3EA000B3E49 /* AudioToolbox.framework in Frameworks */,
				DC6640050F83B3EA000B3E49 /* OpenAL.framework in Frameworks */,
				506EDB88102F4C4000A389B3 /* libz.dylib in Frameworks */,
				506EDBA5102F4C9F00A389B3 /* AVFoundation.framework in Frameworks */,
				506EE1A91030508200A389B3 /* libcocos2d libraries.a in Frameworks */,
			);
			runOnlyForDeploymentPostprocessing = 0;
		};
		506EE05C10304ED200A389B3 /* Frameworks */ = {
			isa = PBXFrameworksBuildPhase;
			buildActionMask = 2147483647;
			files = (
				505574581045D68500A31725 /* AVFoundation.framework in Frameworks */,
				505574591045D68500A31725 /* AudioToolbox.framework in Frameworks */,
				5055745A1045D68500A31725 /* CoreGraphics.framework in Frameworks */,
				5055745B1045D68500A31725 /* OpenAL.framework in Frameworks */,
				5055745C1045D68500A31725 /* OpenGLES.framework in Frameworks */,
				5055745D1045D68500A31725 /* QuartzCore.framework in Frameworks */,
				5055745E1045D69D00A31725 /* libz.dylib in Frameworks */,
			);
			runOnlyForDeploymentPostprocessing = 0;
		};
/* End PBXFrameworksBuildPhase section */

/* Begin PBXGroup section */
		19C28FACFE9D520D11CA2CBB /* Products */ = {
			isa = PBXGroup;
			children = (
				1D6058910D05DD3D006BFB54 /* SneakyJoystick.app */,
				506EE05E10304ED200A389B3 /* libcocos2d libraries.a */,
			);
			name = Products;
			sourceTree = "<group>";
		};
		29B97314FDCFA39411CA2CEA /* CustomTemplate */ = {
			isa = PBXGroup;
			children = (
				2D500B1D0D5A766B00DBA0E3 /* Classes */,
				29B97315FDCFA39411CA2CEA /* Other Sources */,
				50F414EB1069373D002A0D5E /* Resources */,
				506EDAA3102F461B00A389B3 /* cocos2d Sources */,
				29B97323FDCFA39411CA2CEA /* Frameworks */,
				19C28FACFE9D520D11CA2CBB /* Products */,
			);
			name = CustomTemplate;
			sourceTree = "<group>";
		};
		29B97315FDCFA39411CA2CEA /* Other Sources */ = {
			isa = PBXGroup;
			children = (
				1F3B9A820EF2151B00286867 /* SneakyJoystick_Prefix.pch */,
				29B97316FDCFA39411CA2CEA /* main.m */,
			);
			name = "Other Sources";
			sourceTree = "<group>";
		};
		29B97323FDCFA39411CA2CEA /* Frameworks */ = {
			isa = PBXGroup;
			children = (
				DCCBF1B60F6022AE0040855A /* CoreGraphics.framework */,
				DCCBF1B80F6022AE0040855A /* Foundation.framework */,
				DCCBF1BA0F6022AE0040855A /* OpenGLES.framework */,
				DCCBF1BC0F6022AE0040855A /* QuartzCore.framework */,
				DCCBF1BE0F6022AE0040855A /* UIKit.framework */,
				DC6640040F83B3EA000B3E49 /* OpenAL.framework */,
				DC6640020F83B3EA000B3E49 /* AudioToolbox.framework */,
				506EDB87102F4C4000A389B3 /* libz.dylib */,
				506EDBA4102F4C9F00A389B3 /* AVFoundation.framework */,
			);
			name = Frameworks;
			sourceTree = "<group>";
		};
		2D500B1D0D5A766B00DBA0E3 /* Classes */ = {
			isa = PBXGroup;
			children = (
				37520C77112CF4E700058B73 /* SneakyJoystick */,
				506EDC2F102F528A00A389B3 /* DemoJoystickScene.h */,
				506EDC30102F528A00A389B3 /* DemoJoystickScene.m */,
				37520CB2112CFCF300058B73 /* ColoredCircleSprite.h */,
				37520CB3112CFCF300058B73 /* ColoredCircleSprite.m */,
				1F3B9A2C0EF2145700286867 /* SneakyJoystickAppDelegate.h */,
				1F3B9A2B0EF2145700286867 /* SneakyJoystickAppDelegate.m */,
			);
			path = Classes;
			sourceTree = "<group>";
		};
		3726E65D112BC883003A9A62 /* cocos2d */ = {
			isa = PBXGroup;
			children = (
				3726E65E112BC883003A9A62 /* CCAction.h */,
				3726E65F112BC883003A9A62 /* CCAction.m */,
				3726E660112BC883003A9A62 /* CCActionManager.h */,
				3726E661112BC883003A9A62 /* CCActionManager.m */,
				3726E662112BC883003A9A62 /* CCAtlasNode.h */,
				3726E663112BC883003A9A62 /* CCAtlasNode.m */,
				3726E664112BC883003A9A62 /* CCBitmapFontAtlas.h */,
				3726E665112BC883003A9A62 /* CCBitmapFontAtlas.m */,
				3726E666112BC883003A9A62 /* CCCamera.h */,
				3726E667112BC883003A9A62 /* CCCamera.m */,
				3726E668112BC883003A9A62 /* CCCameraAction.h */,
				3726E669112BC883003A9A62 /* CCCameraAction.m */,
				3726E66A112BC883003A9A62 /* CCCompatibility.h */,
				3726E66B112BC883003A9A62 /* CCCompatibility.m */,
				3726E66C112BC883003A9A62 /* ccConfig.h */,
				3726E66D112BC883003A9A62 /* CCConfiguration.h */,
				3726E66E112BC883003A9A62 /* CCConfiguration.m */,
				3726E66F112BC883003A9A62 /* CCDirector.h */,
				3726E670112BC883003A9A62 /* CCDirector.m */,
				3726E671112BC883003A9A62 /* CCDrawingPrimitives.h */,
				3726E672112BC883003A9A62 /* CCDrawingPrimitives.m */,
				3726E673112BC883003A9A62 /* CCEaseAction.h */,
				3726E674112BC883003A9A62 /* CCEaseAction.m */,
				3726E675112BC883003A9A62 /* ccExceptions.h */,
				3726E676112BC883003A9A62 /* CCGrabber.h */,
				3726E677112BC883003A9A62 /* CCGrabber.m */,
				3726E678112BC883003A9A62 /* CCGrid.h */,
				3726E679112BC883003A9A62 /* CCGrid.m */,
				3726E67A112BC883003A9A62 /* CCGrid3DAction.h */,
				3726E67B112BC883003A9A62 /* CCGrid3DAction.m */,
				3726E67C112BC883003A9A62 /* CCGridAction.h */,
				3726E67D112BC883003A9A62 /* CCGridAction.m */,
				3726E67E112BC883003A9A62 /* CCInstantAction.h */,
				3726E67F112BC883003A9A62 /* CCInstantAction.m */,
				3726E680112BC883003A9A62 /* CCIntervalAction.h */,
				3726E681112BC883003A9A62 /* CCIntervalAction.m */,
				3726E682112BC883003A9A62 /* CCLabel.h */,
				3726E683112BC883003A9A62 /* CCLabel.m */,
				3726E684112BC883003A9A62 /* CCLabelAtlas.h */,
				3726E685112BC883003A9A62 /* CCLabelAtlas.m */,
				3726E686112BC883003A9A62 /* CCLayer.h */,
				3726E687112BC883003A9A62 /* CCLayer.m */,
				3726E688112BC883003A9A62 /* ccMacros.h */,
				3726E689112BC883003A9A62 /* CCMenu.h */,
				3726E68A112BC883003A9A62 /* CCMenu.m */,
				3726E68B112BC883003A9A62 /* CCMenuItem.h */,
				3726E68C112BC883003A9A62 /* CCMenuItem.m */,
				3726E68D112BC883003A9A62 /* CCMotionStreak.h */,
				3726E68E112BC883003A9A62 /* CCMotionStreak.m */,
				3726E68F112BC883003A9A62 /* CCNode.h */,
				3726E690112BC883003A9A62 /* CCNode.m */,
				3726E691112BC883003A9A62 /* CCPageTurn3DAction.h */,
				3726E692112BC883003A9A62 /* CCPageTurn3DAction.m */,
				3726E693112BC883003A9A62 /* CCPageTurnTransition.h */,
				3726E694112BC883003A9A62 /* CCPageTurnTransition.m */,
				3726E695112BC883003A9A62 /* CCParallaxNode.h */,
				3726E696112BC883003A9A62 /* CCParallaxNode.m */,
				3726E697112BC883003A9A62 /* CCParticleExamples.h */,
				3726E698112BC883003A9A62 /* CCParticleExamples.m */,
				3726E699112BC883003A9A62 /* CCParticleSystem.h */,
				3726E69A112BC883003A9A62 /* CCParticleSystem.m */,
				3726E69B112BC883003A9A62 /* CCPointParticleSystem.h */,
				3726E69C112BC883003A9A62 /* CCPointParticleSystem.m */,
				3726E69D112BC883003A9A62 /* CCProtocols.h */,
				3726E69E112BC883003A9A62 /* CCPVRTexture.h */,
				3726E69F112BC883003A9A62 /* CCPVRTexture.m */,
				3726E6A0112BC883003A9A62 /* CCQuadParticleSystem.h */,
				3726E6A1112BC883003A9A62 /* CCQuadParticleSystem.m */,
				3726E6A2112BC883003A9A62 /* CCRenderTexture.h */,
				3726E6A3112BC883003A9A62 /* CCRenderTexture.m */,
				3726E6A4112BC883003A9A62 /* CCRibbon.h */,
				3726E6A5112BC883003A9A62 /* CCRibbon.m */,
				3726E6A6112BC883003A9A62 /* CCScene.h */,
				3726E6A7112BC883003A9A62 /* CCScene.m */,
				3726E6A8112BC883003A9A62 /* CCScheduler.h */,
				3726E6A9112BC883003A9A62 /* CCScheduler.m */,
				3726E6AA112BC883003A9A62 /* CCSprite.h */,
				3726E6AB112BC883003A9A62 /* CCSprite.m */,
				3726E6AC112BC883003A9A62 /* CCSpriteFrame.h */,
				3726E6AD112BC883003A9A62 /* CCSpriteFrame.m */,
				3726E6AE112BC883003A9A62 /* CCSpriteFrameCache.h */,
				3726E6AF112BC883003A9A62 /* CCSpriteFrameCache.m */,
				3726E6B0112BC883003A9A62 /* CCSpriteSheet.h */,
				3726E6B1112BC883003A9A62 /* CCSpriteSheet.m */,
				3726E6B2112BC883003A9A62 /* CCTexture2D.h */,
				3726E6B3112BC883003A9A62 /* CCTexture2D.m */,
				3726E6B4112BC883003A9A62 /* CCTextureAtlas.h */,
				3726E6B5112BC883003A9A62 /* CCTextureAtlas.m */,
				3726E6B6112BC883003A9A62 /* CCTextureCache.h */,
				3726E6B7112BC883003A9A62 /* CCTextureCache.m */,
				3726E6B8112BC883003A9A62 /* CCTextureNode.h */,
				3726E6B9112BC883003A9A62 /* CCTiledGridAction.h */,
				3726E6BA112BC883003A9A62 /* CCTiledGridAction.m */,
				3726E6BB112BC883003A9A62 /* CCTileMapAtlas.h */,
				3726E6BC112BC883003A9A62 /* CCTileMapAtlas.m */,
				3726E6BD112BC883003A9A62 /* CCTMXLayer.h */,
				3726E6BE112BC883003A9A62 /* CCTMXLayer.m */,
				3726E6BF112BC883003A9A62 /* CCTMXObjectGroup.h */,
				3726E6C0112BC883003A9A62 /* CCTMXObjectGroup.m */,
				3726E6C1112BC883003A9A62 /* CCTMXTiledMap.h */,
				3726E6C2112BC883003A9A62 /* CCTMXTiledMap.m */,
				3726E6C3112BC883003A9A62 /* CCTMXXMLParser.h */,
				3726E6C4112BC883003A9A62 /* CCTMXXMLParser.m */,
				3726E6C5112BC883003A9A62 /* CCTouchDelegateProtocol.h */,
				3726E6C6112BC883003A9A62 /* CCTouchDispatcher.h */,
				3726E6C7112BC883003A9A62 /* CCTouchDispatcher.m */,
				3726E6C8112BC883003A9A62 /* CCTouchHandler.h */,
				3726E6C9112BC883003A9A62 /* CCTouchHandler.m */,
				3726E6CA112BC883003A9A62 /* CCTransition.h */,
				3726E6CB112BC883003A9A62 /* CCTransition.m */,
				3726E6CC112BC883003A9A62 /* ccTypes.h */,
				3726E6CD112BC883003A9A62 /* cocos2d.h */,
				3726E6CE112BC883003A9A62 /* cocos2d.m */,
				3726E6CF112BC883003A9A62 /* Support */,
			);
			name = cocos2d;
			path = ../GitC2DO/cocos2d;
			sourceTree = SOURCE_ROOT;
		};
		3726E6CF112BC883003A9A62 /* Support */ = {
			isa = PBXGroup;
			children = (
				3726E6D0112BC883003A9A62 /* base64.c */,
				3726E6D1112BC883003A9A62 /* base64.h */,
				3726E6D2112BC883003A9A62 /* ccArray.h */,
				3726E6D3112BC883003A9A62 /* CCFileUtils.h */,
				3726E6D4112BC883003A9A62 /* CCFileUtils.m */,
				3726E6D5112BC883003A9A62 /* ccHashSet.h */,
				3726E6D6112BC883003A9A62 /* ccHashSet.m */,
				3726E6D7112BC883003A9A62 /* CGPointExtension.h */,
				3726E6D8112BC883003A9A62 /* CGPointExtension.m */,
				3726E6D9112BC883003A9A62 /* EAGLView.h */,
				3726E6DA112BC883003A9A62 /* EAGLView.m */,
				3726E6DB112BC883003A9A62 /* glu.c */,
				3726E6DC112BC883003A9A62 /* glu.h */,
				3726E6DD112BC883003A9A62 /* OpenGL_Internal.h */,
				3726E6DE112BC883003A9A62 /* TGAlib.h */,
				3726E6DF112BC883003A9A62 /* TGAlib.m */,
				3726E6E0112BC883003A9A62 /* TransformUtils.h */,
				3726E6E1112BC883003A9A62 /* TransformUtils.m */,
				3726E6E2112BC883003A9A62 /* ZipUtils.h */,
				3726E6E3112BC883003A9A62 /* ZipUtils.m */,
			);
			name = Support;
			path = ../GitC2DO/cocos2d/Support;
			sourceTree = SOURCE_ROOT;
		};
		3726E782112BC8C4003A9A62 /* FontLabel */ = {
			isa = PBXGroup;
			children = (
				3726E783112BC8C4003A9A62 /* FontLabel.h */,
				3726E784112BC8C4003A9A62 /* FontLabel.m */,
				3726E785112BC8C4003A9A62 /* FontLabelStringDrawing.h */,
				3726E786112BC8C4003A9A62 /* FontLabelStringDrawing.m */,
				3726E787112BC8C4003A9A62 /* FontManager.h */,
				3726E788112BC8C4003A9A62 /* FontManager.m */,
				3726E789112BC8C4003A9A62 /* ZAttributedString.h */,
				3726E78A112BC8C4003A9A62 /* ZAttributedString.m */,
				3726E78B112BC8C4003A9A62 /* ZAttributedStringPrivate.h */,
				3726E78C112BC8C4003A9A62 /* ZFont.h */,
				3726E78D112BC8C4003A9A62 /* ZFont.m */,
			);
			name = FontLabel;
			path = ../GitC2DO/external/FontLabel;
			sourceTree = SOURCE_ROOT;
		};
		37520C77112CF4E700058B73 /* SneakyJoystick */ = {
			isa = PBXGroup;
			children = (
				37520CBE112CFD8D00058B73 /* Examples of skinning */,
				3317D07F1129BA110056F249 /* SneakyJoystick.h */,
				3317D0801129BA110056F249 /* SneakyJoystick.m */,
			);
			name = SneakyJoystick;
			sourceTree = "<group>";
		};
		37520CBE112CFD8D00058B73 /* Examples of skinning */ = {
			isa = PBXGroup;
			children = (
				37520D18112D088000058B73 /* SneakyJoystickSkinnedBase.h */,
				37520D19112D088000058B73 /* SneakyJoystickSkinnedBase.m */,
				37520CBB112CFD8400058B73 /* SneakyJoystickSkinnedDPadExample.h */,
				37520CBC112CFD8400058B73 /* SneakyJoystickSkinnedDPadExample.m */,
				37520D15112D085900058B73 /* SneakyJoystickSkinnedJoystickExample.h */,
				37520D16112D085900058B73 /* SneakyJoystickSkinnedJoystickExample.m */,
			);
			name = "Examples of skinning";
			sourceTree = "<group>";
		};
		506EDAA3102F461B00A389B3 /* cocos2d Sources */ = {
			isa = PBXGroup;
			children = (
				3726E782112BC8C4003A9A62 /* FontLabel */,
				3726E65D112BC883003A9A62 /* cocos2d */,
			);
			name = "cocos2d Sources";
			sourceTree = "<group>";
		};
		50F414EB1069373D002A0D5E /* Resources */ = {
			isa = PBXGroup;
			children = (
				37520CD1112D02E300058B73 /* DPad_BG.png */,
				50F414EC1069373D002A0D5E /* Default.png */,
				50F414ED1069373D002A0D5E /* fps_images.png */,
				50F414EE1069373D002A0D5E /* Icon.png */,
				50F414EF1069373D002A0D5E /* Info.plist */,
			);
			path = Resources;
			sourceTree = "<group>";
		};
/* End PBXGroup section */

/* Begin PBXHeadersBuildPhase section */
		506EE05A10304ED200A389B3 /* Headers */ = {
			isa = PBXHeadersBuildPhase;
			buildActionMask = 2147483647;
			files = (
				3726E6E4112BC883003A9A62 /* CCAction.h in Headers */,
				3726E6E6112BC883003A9A62 /* CCActionManager.h in Headers */,
				3726E6E8112BC883003A9A62 /* CCAtlasNode.h in Headers */,
				3726E6EA112BC883003A9A62 /* CCBitmapFontAtlas.h in Headers */,
				3726E6EC112BC883003A9A62 /* CCCamera.h in Headers */,
				3726E6EE112BC883003A9A62 /* CCCameraAction.h in Headers */,
				3726E6F0112BC883003A9A62 /* CCCompatibility.h in Headers */,
				3726E6F2112BC883003A9A62 /* ccConfig.h in Headers */,
				3726E6F3112BC883003A9A62 /* CCConfiguration.h in Headers */,
				3726E6F5112BC883003A9A62 /* CCDirector.h in Headers */,
				3726E6F7112BC883003A9A62 /* CCDrawingPrimitives.h in Headers */,
				3726E6F9112BC883003A9A62 /* CCEaseAction.h in Headers */,
				3726E6FB112BC883003A9A62 /* ccExceptions.h in Headers */,
				3726E6FC112BC883003A9A62 /* CCGrabber.h in Headers */,
				3726E6FE112BC883003A9A62 /* CCGrid.h in Headers */,
				3726E700112BC883003A9A62 /* CCGrid3DAction.h in Headers */,
				3726E702112BC883003A9A62 /* CCGridAction.h in Headers */,
				3726E704112BC883003A9A62 /* CCInstantAction.h in Headers */,
				3726E706112BC883003A9A62 /* CCIntervalAction.h in Headers */,
				3726E708112BC883003A9A62 /* CCLabel.h in Headers */,
				3726E70A112BC883003A9A62 /* CCLabelAtlas.h in Headers */,
				3726E70C112BC883003A9A62 /* CCLayer.h in Headers */,
				3726E70E112BC883003A9A62 /* ccMacros.h in Headers */,
				3726E70F112BC883003A9A62 /* CCMenu.h in Headers */,
				3726E711112BC883003A9A62 /* CCMenuItem.h in Headers */,
				3726E713112BC883003A9A62 /* CCMotionStreak.h in Headers */,
				3726E715112BC883003A9A62 /* CCNode.h in Headers */,
				3726E717112BC883003A9A62 /* CCPageTurn3DAction.h in Headers */,
				3726E719112BC883003A9A62 /* CCPageTurnTransition.h in Headers */,
				3726E71B112BC883003A9A62 /* CCParallaxNode.h in Headers */,
				3726E71D112BC883003A9A62 /* CCParticleExamples.h in Headers */,
				3726E71F112BC883003A9A62 /* CCParticleSystem.h in Headers */,
				3726E721112BC883003A9A62 /* CCPointParticleSystem.h in Headers */,
				3726E723112BC883003A9A62 /* CCProtocols.h in Headers */,
				3726E724112BC883003A9A62 /* CCPVRTexture.h in Headers */,
				3726E726112BC883003A9A62 /* CCQuadParticleSystem.h in Headers */,
				3726E728112BC883003A9A62 /* CCRenderTexture.h in Headers */,
				3726E72A112BC883003A9A62 /* CCRibbon.h in Headers */,
				3726E72C112BC883003A9A62 /* CCScene.h in Headers */,
				3726E72E112BC883003A9A62 /* CCScheduler.h in Headers */,
				3726E730112BC883003A9A62 /* CCSprite.h in Headers */,
				3726E732112BC883003A9A62 /* CCSpriteFrame.h in Headers */,
				3726E734112BC883003A9A62 /* CCSpriteFrameCache.h in Headers */,
				3726E736112BC883003A9A62 /* CCSpriteSheet.h in Headers */,
				3726E738112BC883003A9A62 /* CCTexture2D.h in Headers */,
				3726E73A112BC883003A9A62 /* CCTextureAtlas.h in Headers */,
				3726E73C112BC883003A9A62 /* CCTextureCache.h in Headers */,
				3726E73E112BC883003A9A62 /* CCTextureNode.h in Headers */,
				3726E73F112BC883003A9A62 /* CCTiledGridAction.h in Headers */,
				3726E741112BC883003A9A62 /* CCTileMapAtlas.h in Headers */,
				3726E743112BC883003A9A62 /* CCTMXLayer.h in Headers */,
				3726E745112BC883003A9A62 /* CCTMXObjectGroup.h in Headers */,
				3726E747112BC883003A9A62 /* CCTMXTiledMap.h in Headers */,
				3726E749112BC883003A9A62 /* CCTMXXMLParser.h in Headers */,
				3726E74B112BC883003A9A62 /* CCTouchDelegateProtocol.h in Headers */,
				3726E74C112BC883003A9A62 /* CCTouchDispatcher.h in Headers */,
				3726E74E112BC883003A9A62 /* CCTouchHandler.h in Headers */,
				3726E750112BC883003A9A62 /* CCTransition.h in Headers */,
				3726E752112BC883003A9A62 /* ccTypes.h in Headers */,
				3726E753112BC883003A9A62 /* cocos2d.h in Headers */,
				3726E756112BC883003A9A62 /* base64.h in Headers */,
				3726E757112BC883003A9A62 /* ccArray.h in Headers */,
				3726E758112BC883003A9A62 /* CCFileUtils.h in Headers */,
				3726E75A112BC883003A9A62 /* ccHashSet.h in Headers */,
				3726E75C112BC883003A9A62 /* CGPointExtension.h in Headers */,
				3726E75E112BC883003A9A62 /* EAGLView.h in Headers */,
				3726E761112BC883003A9A62 /* glu.h in Headers */,
				3726E762112BC883003A9A62 /* OpenGL_Internal.h in Headers */,
				3726E763112BC883003A9A62 /* TGAlib.h in Headers */,
				3726E765112BC883003A9A62 /* TransformUtils.h in Headers */,
				3726E767112BC883003A9A62 /* ZipUtils.h in Headers */,
				3726E78E112BC8C4003A9A62 /* FontLabel.h in Headers */,
				3726E790112BC8C4003A9A62 /* FontLabelStringDrawing.h in Headers */,
				3726E792112BC8C4003A9A62 /* FontManager.h in Headers */,
				3726E794112BC8C4003A9A62 /* ZAttributedString.h in Headers */,
				3726E796112BC8C4003A9A62 /* ZAttributedStringPrivate.h in Headers */,
				3726E797112BC8C4003A9A62 /* ZFont.h in Headers */,
			);
			runOnlyForDeploymentPostprocessing = 0;
		};
/* End PBXHeadersBuildPhase section */

/* Begin PBXNativeTarget section */
		1D6058900D05DD3D006BFB54 /* SneakyJoystick */ = {
			isa = PBXNativeTarget;
			buildConfigurationList = 1D6058960D05DD3E006BFB54 /* Build configuration list for PBXNativeTarget "SneakyJoystick" */;
			buildPhases = (
				1D60588D0D05DD3D006BFB54 /* Resources */,
				1D60588E0D05DD3D006BFB54 /* Sources */,
				1D60588F0D05DD3D006BFB54 /* Frameworks */,
			);
			buildRules = (
			);
			dependencies = (
				506EE1A81030507B00A389B3 /* PBXTargetDependency */,
			);
			name = SneakyJoystick;
			productName = SneakyJoystick;
			productReference = 1D6058910D05DD3D006BFB54 /* SneakyJoystick.app */;
			productType = "com.apple.product-type.application";
		};
		506EE05D10304ED200A389B3 /* cocos2d libraries */ = {
			isa = PBXNativeTarget;
			buildConfigurationList = 506EE06410304F0100A389B3 /* Build configuration list for PBXNativeTarget "cocos2d libraries" */;
			buildPhases = (
				506EE05A10304ED200A389B3 /* Headers */,
				506EE05B10304ED200A389B3 /* Sources */,
				506EE05C10304ED200A389B3 /* Frameworks */,
			);
			buildRules = (
			);
			dependencies = (
			);
			name = "cocos2d libraries";
			productName = "cocos2d libraries";
			productReference = 506EE05E10304ED200A389B3 /* libcocos2d libraries.a */;
			productType = "com.apple.product-type.library.static";
		};
/* End PBXNativeTarget section */

/* Begin PBXProject section */
		29B97313FDCFA39411CA2CEA /* Project object */ = {
			isa = PBXProject;
			buildConfigurationList = C01FCF4E08A954540054247B /* Build configuration list for PBXProject "SneakyJoystick" */;
			compatibilityVersion = "Xcode 3.1";
			hasScannedForEncodings = 1;
			mainGroup = 29B97314FDCFA39411CA2CEA /* CustomTemplate */;
			projectDirPath = "";
			projectRoot = "";
			targets = (
				1D6058900D05DD3D006BFB54 /* SneakyJoystick */,
				506EE05D10304ED200A389B3 /* cocos2d libraries */,
			);
		};
/* End PBXProject section */

/* Begin PBXResourcesBuildPhase section */
		1D60588D0D05DD3D006BFB54 /* Resources */ = {
			isa = PBXResourcesBuildPhase;
			buildActionMask = 2147483647;
			files = (
				50F414F01069373D002A0D5E /* Default.png in Resources */,
				50F414F11069373D002A0D5E /* fps_images.png in Resources */,
				50F414F21069373D002A0D5E /* Icon.png in Resources */,
				37520CD2112D02E300058B73 /* DPad_BG.png in Resources */,
			);
			runOnlyForDeploymentPostprocessing = 0;
		};
/* End PBXResourcesBuildPhase section */

/* Begin PBXSourcesBuildPhase section */
		1D60588E0D05DD3D006BFB54 /* Sources */ = {
			isa = PBXSourcesBuildPhase;
			buildActionMask = 2147483647;
			files = (
				1D60589B0D05DD56006BFB54 /* main.m in Sources */,
				1F3B9A2D0EF2145700286867 /* SneakyJoystickAppDelegate.m in Sources */,
				506EDC31102F528A00A389B3 /* DemoJoystickScene.m in Sources */,
				3317D0811129BA110056F249 /* SneakyJoystick.m in Sources */,
				37520CB4112CFCF300058B73 /* ColoredCircleSprite.m in Sources */,
				37520CBD112CFD8400058B73 /* SneakyJoystickSkinnedDPadExample.m in Sources */,
				37520D17112D085900058B73 /* SneakyJoystickSkinnedJoystickExample.m in Sources */,
				37520D1A112D088000058B73 /* SneakyJoystickSkinnedBase.m in Sources */,
			);
			runOnlyForDeploymentPostprocessing = 0;
		};
		506EE05B10304ED200A389B3 /* Sources */ = {
			isa = PBXSourcesBuildPhase;
			buildActionMask = 2147483647;
			files = (
				3726E6E5112BC883003A9A62 /* CCAction.m in Sources */,
				3726E6E7112BC883003A9A62 /* CCActionManager.m in Sources */,
				3726E6E9112BC883003A9A62 /* CCAtlasNode.m in Sources */,
				3726E6EB112BC883003A9A62 /* CCBitmapFontAtlas.m in Sources */,
				3726E6ED112BC883003A9A62 /* CCCamera.m in Sources */,
				3726E6EF112BC883003A9A62 /* CCCameraAction.m in Sources */,
				3726E6F1112BC883003A9A62 /* CCCompatibility.m in Sources */,
				3726E6F4112BC883003A9A62 /* CCConfiguration.m in Sources */,
				3726E6F6112BC883003A9A62 /* CCDirector.m in Sources */,
				3726E6F8112BC883003A9A62 /* CCDrawingPrimitives.m in Sources */,
				3726E6FA112BC883003A9A62 /* CCEaseAction.m in Sources */,
				3726E6FD112BC883003A9A62 /* CCGrabber.m in Sources */,
				3726E6FF112BC883003A9A62 /* CCGrid.m in Sources */,
				3726E701112BC883003A9A62 /* CCGrid3DAction.m in Sources */,
				3726E703112BC883003A9A62 /* CCGridAction.m in Sources */,
				3726E705112BC883003A9A62 /* CCInstantAction.m in Sources */,
				3726E707112BC883003A9A62 /* CCIntervalAction.m in Sources */,
				3726E709112BC883003A9A62 /* CCLabel.m in Sources */,
				3726E70B112BC883003A9A62 /* CCLabelAtlas.m in Sources */,
				3726E70D112BC883003A9A62 /* CCLayer.m in Sources */,
				3726E710112BC883003A9A62 /* CCMenu.m in Sources */,
				3726E712112BC883003A9A62 /* CCMenuItem.m in Sources */,
				3726E714112BC883003A9A62 /* CCMotionStreak.m in Sources */,
				3726E716112BC883003A9A62 /* CCNode.m in Sources */,
				3726E718112BC883003A9A62 /* CCPageTurn3DAction.m in Sources */,
				3726E71A112BC883003A9A62 /* CCPageTurnTransition.m in Sources */,
				3726E71C112BC883003A9A62 /* CCParallaxNode.m in Sources */,
				3726E71E112BC883003A9A62 /* CCParticleExamples.m in Sources */,
				3726E720112BC883003A9A62 /* CCParticleSystem.m in Sources */,
				3726E722112BC883003A9A62 /* CCPointParticleSystem.m in Sources */,
				3726E725112BC883003A9A62 /* CCPVRTexture.m in Sources */,
				3726E727112BC883003A9A62 /* CCQuadParticleSystem.m in Sources */,
				3726E729112BC883003A9A62 /* CCRenderTexture.m in Sources */,
				3726E72B112BC883003A9A62 /* CCRibbon.m in Sources */,
				3726E72D112BC883003A9A62 /* CCScene.m in Sources */,
				3726E72F112BC883003A9A62 /* CCScheduler.m in Sources */,
				3726E731112BC883003A9A62 /* CCSprite.m in Sources */,
				3726E733112BC883003A9A62 /* CCSpriteFrame.m in Sources */,
				3726E735112BC883003A9A62 /* CCSpriteFrameCache.m in Sources */,
				3726E737112BC883003A9A62 /* CCSpriteSheet.m in Sources */,
				3726E739112BC883003A9A62 /* CCTexture2D.m in Sources */,
				3726E73B112BC883003A9A62 /* CCTextureAtlas.m in Sources */,
				3726E73D112BC883003A9A62 /* CCTextureCache.m in Sources */,
				3726E740112BC883003A9A62 /* CCTiledGridAction.m in Sources */,
				3726E742112BC883003A9A62 /* CCTileMapAtlas.m in Sources */,
				3726E744112BC883003A9A62 /* CCTMXLayer.m in Sources */,
				3726E746112BC883003A9A62 /* CCTMXObjectGroup.m in Sources */,
				3726E748112BC883003A9A62 /* CCTMXTiledMap.m in Sources */,
				3726E74A112BC883003A9A62 /* CCTMXXMLParser.m in Sources */,
				3726E74D112BC883003A9A62 /* CCTouchDispatcher.m in Sources */,
				3726E74F112BC883003A9A62 /* CCTouchHandler.m in Sources */,
				3726E751112BC883003A9A62 /* CCTransition.m in Sources */,
				3726E754112BC883003A9A62 /* cocos2d.m in Sources */,
				3726E755112BC883003A9A62 /* base64.c in Sources */,
				3726E759112BC883003A9A62 /* CCFileUtils.m in Sources */,
				3726E75B112BC883003A9A62 /* ccHashSet.m in Sources */,
				3726E75D112BC883003A9A62 /* CGPointExtension.m in Sources */,
				3726E75F112BC883003A9A62 /* EAGLView.m in Sources */,
				3726E760112BC883003A9A62 /* glu.c in Sources */,
				3726E764112BC883003A9A62 /* TGAlib.m in Sources */,
				3726E766112BC883003A9A62 /* TransformUtils.m in Sources */,
				3726E768112BC883003A9A62 /* ZipUtils.m in Sources */,
				3726E78F112BC8C4003A9A62 /* FontLabel.m in Sources */,
				3726E791112BC8C4003A9A62 /* FontLabelStringDrawing.m in Sources */,
				3726E793112BC8C4003A9A62 /* FontManager.m in Sources */,
				3726E795112BC8C4003A9A62 /* ZAttributedString.m in Sources */,
				3726E798112BC8C4003A9A62 /* ZFont.m in Sources */,
			);
			runOnlyForDeploymentPostprocessing = 0;
		};
/* End PBXSourcesBuildPhase section */

/* Begin PBXTargetDependency section */
		506EE1A81030507B00A389B3 /* PBXTargetDependency */ = {
			isa = PBXTargetDependency;
			target = 506EE05D10304ED200A389B3 /* cocos2d libraries */;
			targetProxy = 506EE1A71030507B00A389B3 /* PBXContainerItemProxy */;
		};
/* End PBXTargetDependency section */

/* Begin XCBuildConfiguration section */
		1D6058940D05DD3E006BFB54 /* Debug */ = {
			isa = XCBuildConfiguration;
			buildSettings = {
				ALWAYS_SEARCH_USER_PATHS = NO;
				COPY_PHASE_STRIP = NO;
				DEBUG_INFORMATION_FORMAT = "dwarf-with-dsym";
				GCC_DYNAMIC_NO_PIC = NO;
				GCC_ENABLE_FIX_AND_CONTINUE = NO;
				GCC_OPTIMIZATION_LEVEL = 0;
				GCC_PRECOMPILE_PREFIX_HEADER = YES;
				GCC_PREFIX_HEADER = SneakyJoystick_Prefix.pch;
				GCC_PREPROCESSOR_DEFINITIONS = "COCOS2D_DEBUG=1";
				GCC_THUMB_SUPPORT = NO;
				GCC_TREAT_WARNINGS_AS_ERRORS = NO;
				INFOPLIST_FILE = Resources/Info.plist;
				OTHER_LDFLAGS = (
					"-all_load",
					"-ObjC",
				);
				PREBINDING = NO;
				PRODUCT_NAME = SneakyJoystick;
				WARNING_CFLAGS = "-Wall";
			};
			name = Debug;
		};
		1D6058950D05DD3E006BFB54 /* Release */ = {
			isa = XCBuildConfiguration;
			buildSettings = {
				ALWAYS_SEARCH_USER_PATHS = NO;
				COPY_PHASE_STRIP = YES;
				DEBUG_INFORMATION_FORMAT = "dwarf-with-dsym";
				GCC_ENABLE_FIX_AND_CONTINUE = NO;
				GCC_PRECOMPILE_PREFIX_HEADER = YES;
				GCC_PREFIX_HEADER = SneakyJoystick_Prefix.pch;
				GCC_THUMB_SUPPORT = NO;
				GCC_TREAT_WARNINGS_AS_ERRORS = NO;
				INFOPLIST_FILE = Resources/Info.plist;
				OTHER_LDFLAGS = (
					"-all_load",
					"-ObjC",
				);
				PREBINDING = NO;
				PRODUCT_NAME = SneakyJoystick;
				WARNING_CFLAGS = "-Wall";
			};
			name = Release;
		};
		506EE05F10304ED500A389B3 /* Debug */ = {
			isa = XCBuildConfiguration;
			buildSettings = {
				ALWAYS_SEARCH_USER_PATHS = NO;
				COPY_PHASE_STRIP = NO;
				GCC_DYNAMIC_NO_PIC = NO;
				GCC_OPTIMIZATION_LEVEL = 0;
				GCC_PREPROCESSOR_DEFINITIONS = "COCOS2D_DEBUG=1";
				GCC_THUMB_SUPPORT = NO;
				GCC_TREAT_WARNINGS_AS_ERRORS = NO;
				PREBINDING = NO;
				PRODUCT_NAME = "cocos2d libraries";
			};
			name = Debug;
		};
		506EE06010304ED500A389B3 /* Release */ = {
			isa = XCBuildConfiguration;
			buildSettings = {
				ALWAYS_SEARCH_USER_PATHS = NO;
				COPY_PHASE_STRIP = YES;
				DEBUG_INFORMATION_FORMAT = "dwarf-with-dsym";
				GCC_ENABLE_FIX_AND_CONTINUE = NO;
				GCC_THUMB_SUPPORT = NO;
				GCC_TREAT_WARNINGS_AS_ERRORS = NO;
				PREBINDING = NO;
				PRODUCT_NAME = "cocos2d libraries";
				ZERO_LINK = NO;
			};
			name = Release;
		};
		C01FCF4F08A954540054247B /* Debug */ = {
			isa = XCBuildConfiguration;
			buildSettings = {
				ALWAYS_SEARCH_USER_PATHS = NO;
				ARCHS = "$(ARCHS_STANDARD_32_BIT)";
				"CODE_SIGN_IDENTITY[sdk=iphoneos*]" = "iPhone Developer";
				GCC_C_LANGUAGE_STANDARD = c99;
				GCC_WARN_ABOUT_RETURN_TYPE = YES;
				GCC_WARN_UNUSED_VARIABLE = YES;
				ONLY_ACTIVE_ARCH = YES;
				PREBINDING = NO;
				SDKROOT = iphoneos3.1;
			};
			name = Debug;
		};
		C01FCF5008A954540054247B /* Release */ = {
			isa = XCBuildConfiguration;
			buildSettings = {
				ALWAYS_SEARCH_USER_PATHS = NO;
				ARCHS = "$(ARCHS_STANDARD_32_BIT)";
				"CODE_SIGN_IDENTITY[sdk=iphoneos*]" = "iPhone Developer";
				GCC_C_LANGUAGE_STANDARD = c99;
				GCC_WARN_ABOUT_RETURN_TYPE = YES;
				GCC_WARN_UNUSED_VARIABLE = YES;
				PREBINDING = NO;
				SDKROOT = iphoneos3.1;
			};
			name = Release;
		};
/* End XCBuildConfiguration section */

/* Begin XCConfigurationList section */
		1D6058960D05DD3E006BFB54 /* Build configuration list for PBXNativeTarget "SneakyJoystick" */ = {
			isa = XCConfigurationList;
			buildConfigurations = (
				1D6058940D05DD3E006BFB54 /* Debug */,
				1D6058950D05DD3E006BFB54 /* Release */,
			);
			defaultConfigurationIsVisible = 0;
			defaultConfigurationName = Release;
		};
		506EE06410304F0100A389B3 /* Build configuration list for PBXNativeTarget "cocos2d libraries" */ = {
			isa = XCConfigurationList;
			buildConfigurations = (
				506EE05F10304ED500A389B3 /* Debug */,
				506EE06010304ED500A389B3 /* Release */,
			);
			defaultConfigurationIsVisible = 0;
			defaultConfigurationName = Release;
		};
		C01FCF4E08A954540054247B /* Build configuration list for PBXProject "SneakyJoystick" */ = {
			isa = XCConfigurationList;
			buildConfigurations = (
				C01FCF4F08A954540054247B /* Debug */,
				C01FCF5008A954540054247B /* Release */,
			);
			defaultConfigurationIsVisible = 0;
			defaultConfigurationName = Release;
		};
/* End XCConfigurationList section */
	};
	rootObject = 29B97313FDCFA39411CA2CEA /* Project object */;
}
